// !$*UTF8*$!
{
	archiveVersion = 1;
	classes = {
	};
	objectVersion = 46;
	objects = {

/* Begin PBXBuildFile section */
		A10F76D01B83615100BB9A24 /* GrownBottomTextViewController.swift in Sources */ = {isa = PBXBuildFile; fileRef = A1D4688F1B5CE6960097358D /* GrownBottomTextViewController.swift */; };
		A10F76D11B83615100BB9A24 /* GrownBottomLogViewController.swift in Sources */ = {isa = PBXBuildFile; fileRef = A1D468911B5CE6B70097358D /* GrownBottomLogViewController.swift */; };
		A10F76D21B83615100BB9A24 /* GrownBottomStatisticsViewController.swift in Sources */ = {isa = PBXBuildFile; fileRef = A1D468931B5CE6E20097358D /* GrownBottomStatisticsViewController.swift */; };
		A10F76D31B83616900BB9A24 /* GrownScrollViewController.swift in Sources */ = {isa = PBXBuildFile; fileRef = A1D468841B5BD9CF0097358D /* GrownScrollViewController.swift */; };
		A10F76D41B83616900BB9A24 /* GrownProtocol.swift in Sources */ = {isa = PBXBuildFile; fileRef = A1D468861B5BDA920097358D /* GrownProtocol.swift */; };
		A10F76D51B83617D00BB9A24 /* GrowUpCorona.swift in Sources */ = {isa = PBXBuildFile; fileRef = A143897B1B78EB870052D5AE /* GrowUpCorona.swift */; };
		A10F76D61B83617D00BB9A24 /* RulingView.swift in Sources */ = {isa = PBXBuildFile; fileRef = A143897D1B78EBA60052D5AE /* RulingView.swift */; };
		A10F76D71B837F4300BB9A24 /* Images.xcassets in Resources */ = {isa = PBXBuildFile; fileRef = A15CD5E21ACE496B0033AB57 /* Images.xcassets */; };
		A10F76D81B837F4E00BB9A24 /* Main.storyboard in Resources */ = {isa = PBXBuildFile; fileRef = A15CD5DF1ACE496B0033AB57 /* Main.storyboard */; };
		A10F76D91B8380D200BB9A24 /* PlaylistStatisticTableViewCell.swift in Sources */ = {isa = PBXBuildFile; fileRef = A1D468DF1B62C2F10097358D /* PlaylistStatisticTableViewCell.swift */; };
		A10F76DA1B8380D200BB9A24 /* playlistTableViewController.swift in Sources */ = {isa = PBXBuildFile; fileRef = A1BA8B221B54F7C700F5A57F /* playlistTableViewController.swift */; };
		A10F76DB1B8380D200BB9A24 /* playViewController.swift in Sources */ = {isa = PBXBuildFile; fileRef = A110706C1B5799BD001E3B84 /* playViewController.swift */; };
		A10F76DC1B8380D200BB9A24 /* shopDetailViewController.swift in Sources */ = {isa = PBXBuildFile; fileRef = A1FB096B1B5A86DB001EAF27 /* shopDetailViewController.swift */; };
		A10F76DD1B8380D200BB9A24 /* playScrollViewController.swift in Sources */ = {isa = PBXBuildFile; fileRef = A1FB096D1B5A8FEC001EAF27 /* playScrollViewController.swift */; };
		A10F76DE1B8380D200BB9A24 /* playUIProtocol.swift in Sources */ = {isa = PBXBuildFile; fileRef = A1FB096F1B5A9D64001EAF27 /* playUIProtocol.swift */; };
		A10F76DF1B8380D200BB9A24 /* shopDetailContentViewController.swift in Sources */ = {isa = PBXBuildFile; fileRef = A1D468951B5D1EF20097358D /* shopDetailContentViewController.swift */; };
		A10F76E01B8380D200BB9A24 /* shopDetailStaticViewController.swift in Sources */ = {isa = PBXBuildFile; fileRef = A1D4689D1B5ED35F0097358D /* shopDetailStaticViewController.swift */; };
		A10F76E11B8380E900BB9A24 /* Operation.swift in Sources */ = {isa = PBXBuildFile; fileRef = A1B598D51B543C9200257DDB /* Operation.swift */; };
		A10F76E21B8380E900BB9A24 /* Player.swift in Sources */ = {isa = PBXBuildFile; fileRef = A1B598D61B543C9200257DDB /* Player.swift */; };
		A10F76E31B8380E900BB9A24 /* Server.swift in Sources */ = {isa = PBXBuildFile; fileRef = A1B598D71B543C9200257DDB /* Server.swift */; };
		A10F76E41B8380E900BB9A24 /* Status.swift in Sources */ = {isa = PBXBuildFile; fileRef = A1B598D81B543C9200257DDB /* Status.swift */; };
		A10F76E51B8380FC00BB9A24 /* StatusManager.swift in Sources */ = {isa = PBXBuildFile; fileRef = A1B598CD1B543BC300257DDB /* StatusManager.swift */; };
		A10F76E91B83818C00BB9A24 /* Module.swift in Sources */ = {isa = PBXBuildFile; fileRef = A10F76E81B83818C00BB9A24 /* Module.swift */; };
		A10F76EA1B83818C00BB9A24 /* Module.swift in Sources */ = {isa = PBXBuildFile; fileRef = A10F76E81B83818C00BB9A24 /* Module.swift */; };
		A10F76EB1B8381AF00BB9A24 /* Model.swift in Sources */ = {isa = PBXBuildFile; fileRef = A1B598CA1B543BC300257DDB /* Model.swift */; };
		A10F76EC1B8381C700BB9A24 /* PlayerManager.swift in Sources */ = {isa = PBXBuildFile; fileRef = A1B598CC1B543BC300257DDB /* PlayerManager.swift */; };
		A10F76ED1B8381D300BB9A24 /* NavigationProtocol.swift in Sources */ = {isa = PBXBuildFile; fileRef = A1BA8B1F1B54F63500F5A57F /* NavigationProtocol.swift */; };
		A10F76EE1B8381DA00BB9A24 /* playlistTableViewCell.swift in Sources */ = {isa = PBXBuildFile; fileRef = A1BA8B241B54FA0C00F5A57F /* playlistTableViewCell.swift */; };
		A10F76EF1B8381FE00BB9A24 /* media in Resources */ = {isa = PBXBuildFile; fileRef = A1D468891B5C31C60097358D /* media */; };
		A10F76F01B83829F00BB9A24 /* video in Resources */ = {isa = PBXBuildFile; fileRef = A110706E1B579AEC001E3B84 /* video */; };
		A10F76F11B8383F900BB9A24 /* GlobalNavigationController.swift in Sources */ = {isa = PBXBuildFile; fileRef = A1B598801B525E1100257DDB /* GlobalNavigationController.swift */; };
		A10F76F21B83846C00BB9A24 /* Images.xcassets in Resources */ = {isa = PBXBuildFile; fileRef = A15CD5E21ACE496B0033AB57 /* Images.xcassets */; };
		A10F76F31B8384A200BB9A24 /* cartoonListTableViewCell.swift in Sources */ = {isa = PBXBuildFile; fileRef = A1B598891B5268D000257DDB /* cartoonListTableViewCell.swift */; };
		A10F76F41B8384A200BB9A24 /* cartoonListTableViewController.swift in Sources */ = {isa = PBXBuildFile; fileRef = A1B598861B5265A300257DDB /* cartoonListTableViewController.swift */; };
		A10F76F51B8384A200BB9A24 /* cartoonDetailViewController.swift in Sources */ = {isa = PBXBuildFile; fileRef = A1B598921B53B7B100257DDB /* cartoonDetailViewController.swift */; };
		A10F76F61B8384BA00BB9A24 /* Module.swift in Sources */ = {isa = PBXBuildFile; fileRef = A10F76E81B83818C00BB9A24 /* Module.swift */; };
		A10F76F71B8384EC00BB9A24 /* GlobalNavigationController.swift in Sources */ = {isa = PBXBuildFile; fileRef = A1B598801B525E1100257DDB /* GlobalNavigationController.swift */; };
		A10F76F81B8384F900BB9A24 /* Main.storyboard in Resources */ = {isa = PBXBuildFile; fileRef = A15CD5DF1ACE496B0033AB57 /* Main.storyboard */; };
		A10F76F91B83850700BB9A24 /* Operation.swift in Sources */ = {isa = PBXBuildFile; fileRef = A1B598D51B543C9200257DDB /* Operation.swift */; };
		A10F76FA1B83864400BB9A24 /* Model.swift in Sources */ = {isa = PBXBuildFile; fileRef = A1B598CA1B543BC300257DDB /* Model.swift */; };
		A10F76FB1B83866700BB9A24 /* StatusManager.swift in Sources */ = {isa = PBXBuildFile; fileRef = A1B598CD1B543BC300257DDB /* StatusManager.swift */; };
		A10F76FC1B83868A00BB9A24 /* NavigationProtocol.swift in Sources */ = {isa = PBXBuildFile; fileRef = A1BA8B1F1B54F63500F5A57F /* NavigationProtocol.swift */; };
		A10F76FF1B83885C00BB9A24 /* AppPlayer.swift in Sources */ = {isa = PBXBuildFile; fileRef = A10F76FD1B83885C00BB9A24 /* AppPlayer.swift */; };
		A110706D1B5799BD001E3B84 /* playViewController.swift in Sources */ = {isa = PBXBuildFile; fileRef = A110706C1B5799BD001E3B84 /* playViewController.swift */; };
		A110706F1B579AEC001E3B84 /* video in Resources */ = {isa = PBXBuildFile; fileRef = A110706E1B579AEC001E3B84 /* video */; };
		A12E9A8A1AD69410009B2D60 /* SwiftyJSON.swift in Sources */ = {isa = PBXBuildFile; fileRef = A12E9A891AD69410009B2D60 /* SwiftyJSON.swift */; };
		A12E9A8B1AD69410009B2D60 /* SwiftyJSON.swift in Sources */ = {isa = PBXBuildFile; fileRef = A12E9A891AD69410009B2D60 /* SwiftyJSON.swift */; };
		A13B67AD1B65367100EED237 /* NativeMainViewController.swift in Sources */ = {isa = PBXBuildFile; fileRef = A13B67AC1B65367100EED237 /* NativeMainViewController.swift */; };
		A143897C1B78EB870052D5AE /* GrowUpCorona.swift in Sources */ = {isa = PBXBuildFile; fileRef = A143897B1B78EB870052D5AE /* GrowUpCorona.swift */; };
		A143897E1B78EBA60052D5AE /* RulingView.swift in Sources */ = {isa = PBXBuildFile; fileRef = A143897D1B78EBA60052D5AE /* RulingView.swift */; };
		A14403A41B823D0600158C98 /* Main.storyboard in Resources */ = {isa = PBXBuildFile; fileRef = A15CD5DF1ACE496B0033AB57 /* Main.storyboard */; };
		A14403A51B823D1500158C98 /* Images.xcassets in Resources */ = {isa = PBXBuildFile; fileRef = A15CD5E21ACE496B0033AB57 /* Images.xcassets */; };
		A15CD5DC1ACE496B0033AB57 /* AppDelegate.swift in Sources */ = {isa = PBXBuildFile; fileRef = A15CD5DB1ACE496B0033AB57 /* AppDelegate.swift */; };
		A15CD5DE1ACE496B0033AB57 /* mainViewController.swift in Sources */ = {isa = PBXBuildFile; fileRef = A15CD5DD1ACE496B0033AB57 /* mainViewController.swift */; };
		A15CD5E11ACE496B0033AB57 /* Main.storyboard in Resources */ = {isa = PBXBuildFile; fileRef = A15CD5DF1ACE496B0033AB57 /* Main.storyboard */; };
		A15CD5E31ACE496B0033AB57 /* Images.xcassets in Resources */ = {isa = PBXBuildFile; fileRef = A15CD5E21ACE496B0033AB57 /* Images.xcassets */; };
		A15CD5E61ACE496B0033AB57 /* LaunchScreen.xib in Resources */ = {isa = PBXBuildFile; fileRef = A15CD5E41ACE496B0033AB57 /* LaunchScreen.xib */; };
		A15CD5F21ACE496B0033AB57 /* childFMWebkitTests.swift in Sources */ = {isa = PBXBuildFile; fileRef = A15CD5F11ACE496B0033AB57 /* childFMWebkitTests.swift */; };
		A179F8441B80795800B82695 /* AppDelegate.swift in Sources */ = {isa = PBXBuildFile; fileRef = A179F8431B80795800B82695 /* AppDelegate.swift */; };
		A179F84E1B80795800B82695 /* LaunchScreen.storyboard in Resources */ = {isa = PBXBuildFile; fileRef = A179F84C1B80795800B82695 /* LaunchScreen.storyboard */; };
		A179F8541B807B0300B82695 /* CartoonDetailViewController.swift in Sources */ = {isa = PBXBuildFile; fileRef = A179F8531B807B0300B82695 /* CartoonDetailViewController.swift */; };
		A179F8561B807B9A00B82695 /* FullImageScrollViewController.swift in Sources */ = {isa = PBXBuildFile; fileRef = A179F8551B807B9A00B82695 /* FullImageScrollViewController.swift */; };
		A179F8571B807B9A00B82695 /* FullImageScrollViewController.swift in Sources */ = {isa = PBXBuildFile; fileRef = A179F8551B807B9A00B82695 /* FullImageScrollViewController.swift */; };
		A179F8581B807B9A00B82695 /* FullImageScrollViewController.swift in Sources */ = {isa = PBXBuildFile; fileRef = A179F8551B807B9A00B82695 /* FullImageScrollViewController.swift */; };
		A179F8591B80892600B82695 /* cartoonImage in Resources */ = {isa = PBXBuildFile; fileRef = A1B598941B53BA6500257DDB /* cartoonImage */; };
		A179F8611B80907500B82695 /* AppDelegate.swift in Sources */ = {isa = PBXBuildFile; fileRef = A179F8601B80907500B82695 /* AppDelegate.swift */; };
		A179F8631B80907500B82695 /* ViewController.swift in Sources */ = {isa = PBXBuildFile; fileRef = A179F8621B80907500B82695 /* ViewController.swift */; };
		A179F86B1B80907500B82695 /* LaunchScreen.storyboard in Resources */ = {isa = PBXBuildFile; fileRef = A179F8691B80907500B82695 /* LaunchScreen.storyboard */; };
		A179F8771B80908B00B82695 /* AppDelegate.swift in Sources */ = {isa = PBXBuildFile; fileRef = A179F8761B80908B00B82695 /* AppDelegate.swift */; };
		A179F8811B80908B00B82695 /* LaunchScreen.storyboard in Resources */ = {isa = PBXBuildFile; fileRef = A179F87F1B80908B00B82695 /* LaunchScreen.storyboard */; };
		A17CC7541B8F613B0074150D /* iTunesUploadTableViewController.swift in Sources */ = {isa = PBXBuildFile; fileRef = A17CC7531B8F613B0074150D /* iTunesUploadTableViewController.swift */; };
		A17CC7551B8F613B0074150D /* iTunesUploadTableViewController.swift in Sources */ = {isa = PBXBuildFile; fileRef = A17CC7531B8F613B0074150D /* iTunesUploadTableViewController.swift */; };
		A17CC7571B8F61510074150D /* iPodMusicTableViewController.swift in Sources */ = {isa = PBXBuildFile; fileRef = A17CC7561B8F61510074150D /* iPodMusicTableViewController.swift */; };
		A17CC7581B8F61510074150D /* iPodMusicTableViewController.swift in Sources */ = {isa = PBXBuildFile; fileRef = A17CC7561B8F61510074150D /* iPodMusicTableViewController.swift */; };
		A17CC75A1B8F61700074150D /* netFriendShareTableViewController.swift in Sources */ = {isa = PBXBuildFile; fileRef = A17CC7591B8F61700074150D /* netFriendShareTableViewController.swift */; };
		A17CC75B1B8F61700074150D /* netFriendShareTableViewController.swift in Sources */ = {isa = PBXBuildFile; fileRef = A17CC7591B8F61700074150D /* netFriendShareTableViewController.swift */; };
		A17CC75D1B8F77840074150D /* DownloadListTableViewController.swift in Sources */ = {isa = PBXBuildFile; fileRef = A17CC75C1B8F77840074150D /* DownloadListTableViewController.swift */; };
		A17CC75E1B8F77840074150D /* DownloadListTableViewController.swift in Sources */ = {isa = PBXBuildFile; fileRef = A17CC75C1B8F77840074150D /* DownloadListTableViewController.swift */; };
		A17CC7611B8F793E0074150D /* DownloadListTableViewCell.swift in Sources */ = {isa = PBXBuildFile; fileRef = A17CC7601B8F793E0074150D /* DownloadListTableViewCell.swift */; };
		A17CC7621B8F793E0074150D /* DownloadListTableViewCell.swift in Sources */ = {isa = PBXBuildFile; fileRef = A17CC7601B8F793E0074150D /* DownloadListTableViewCell.swift */; };
		A1876D9C1B8EFC22000FEC26 /* OnlineResourceBrowserViewController.swift in Sources */ = {isa = PBXBuildFile; fileRef = A1876D9B1B8EFC22000FEC26 /* OnlineResourceBrowserViewController.swift */; };
		A1876D9D1B8EFC22000FEC26 /* OnlineResourceBrowserViewController.swift in Sources */ = {isa = PBXBuildFile; fileRef = A1876D9B1B8EFC22000FEC26 /* OnlineResourceBrowserViewController.swift */; };
		A1876D9F1B8EFFD1000FEC26 /* UGCTabbarViewController.swift in Sources */ = {isa = PBXBuildFile; fileRef = A1876D9E1B8EFFD1000FEC26 /* UGCTabbarViewController.swift */; };
		A1876DA01B8EFFD1000FEC26 /* UGCTabbarViewController.swift in Sources */ = {isa = PBXBuildFile; fileRef = A1876D9E1B8EFFD1000FEC26 /* UGCTabbarViewController.swift */; };
		A1876DA21B8F045F000FEC26 /* MiiNSURLProtocol.swift in Sources */ = {isa = PBXBuildFile; fileRef = A1876DA11B8F045F000FEC26 /* MiiNSURLProtocol.swift */; };
		A1876DA31B8F045F000FEC26 /* MiiNSURLProtocol.swift in Sources */ = {isa = PBXBuildFile; fileRef = A1876DA11B8F045F000FEC26 /* MiiNSURLProtocol.swift */; };
		A1876DA51B8F047C000FEC26 /* MiiDownloader.swift in Sources */ = {isa = PBXBuildFile; fileRef = A1876DA41B8F047C000FEC26 /* MiiDownloader.swift */; };
		A1876DA61B8F047C000FEC26 /* MiiDownloader.swift in Sources */ = {isa = PBXBuildFile; fileRef = A1876DA41B8F047C000FEC26 /* MiiDownloader.swift */; };
		A1876DA81B8F04BA000FEC26 /* DownloadView.swift in Sources */ = {isa = PBXBuildFile; fileRef = A1876DA71B8F04BA000FEC26 /* DownloadView.swift */; };
		A1876DA91B8F04BA000FEC26 /* DownloadView.swift in Sources */ = {isa = PBXBuildFile; fileRef = A1876DA71B8F04BA000FEC26 /* DownloadView.swift */; };
		A1876DCE1B8F3527000FEC26 /* OnlineResourceNavigationWebSite in Resources */ = {isa = PBXBuildFile; fileRef = A1876DCD1B8F3527000FEC26 /* OnlineResourceNavigationWebSite */; };
		A18A81721B8EEDB9005BCC63 /* DJVisualViewController.swift in Sources */ = {isa = PBXBuildFile; fileRef = A18A81711B8EEDB9005BCC63 /* DJVisualViewController.swift */; };
		A18A81731B8EEDB9005BCC63 /* DJVisualViewController.swift in Sources */ = {isa = PBXBuildFile; fileRef = A18A81711B8EEDB9005BCC63 /* DJVisualViewController.swift */; };
		A1A510EE1AD4513E00AD37B4 /* mvpViewController.swift in Sources */ = {isa = PBXBuildFile; fileRef = A1A510ED1AD4513E00AD37B4 /* mvpViewController.swift */; };
		A1A510F61AD4D5DB00AD37B4 /* json.swift in Sources */ = {isa = PBXBuildFile; fileRef = A1A510F51AD4D5DB00AD37B4 /* json.swift */; };
		A1A510F71AD4D5DB00AD37B4 /* json.swift in Sources */ = {isa = PBXBuildFile; fileRef = A1A510F51AD4D5DB00AD37B4 /* json.swift */; };
		A1A511231AD5149E00AD37B4 /* statusStorage.swift in Sources */ = {isa = PBXBuildFile; fileRef = A1A511221AD5149E00AD37B4 /* statusStorage.swift */; };
		A1A511241AD5149E00AD37B4 /* statusStorage.swift in Sources */ = {isa = PBXBuildFile; fileRef = A1A511221AD5149E00AD37B4 /* statusStorage.swift */; };
		A1A951181B88D350004ADA27 /* Assets.xcassets in Resources */ = {isa = PBXBuildFile; fileRef = A1A951171B88D350004ADA27 /* Assets.xcassets */; };
		A1A951191B88D3B8004ADA27 /* Assets.xcassets in Resources */ = {isa = PBXBuildFile; fileRef = A179F84A1B80795800B82695 /* Assets.xcassets */; };
		A1A9511A1B88D3C0004ADA27 /* Assets.xcassets in Resources */ = {isa = PBXBuildFile; fileRef = A179F8671B80907500B82695 /* Assets.xcassets */; };
		A1A9511B1B88D3CC004ADA27 /* Assets.xcassets in Resources */ = {isa = PBXBuildFile; fileRef = A179F87D1B80908B00B82695 /* Assets.xcassets */; };
		A1A951231B88E14A004ADA27 /* AppDelegate.swift in Sources */ = {isa = PBXBuildFile; fileRef = A1A951221B88E14A004ADA27 /* AppDelegate.swift */; };
		A1A951281B88E14A004ADA27 /* Main.storyboard in Resources */ = {isa = PBXBuildFile; fileRef = A1A951261B88E14A004ADA27 /* Main.storyboard */; };
		A1A9512A1B88E14A004ADA27 /* Assets.xcassets in Resources */ = {isa = PBXBuildFile; fileRef = A1A951291B88E14A004ADA27 /* Assets.xcassets */; };
		A1A9512D1B88E14A004ADA27 /* LaunchScreen.storyboard in Resources */ = {isa = PBXBuildFile; fileRef = A1A9512B1B88E14A004ADA27 /* LaunchScreen.storyboard */; };
		A1A951331B88E49F004ADA27 /* PictureBookListTableViewController.swift in Sources */ = {isa = PBXBuildFile; fileRef = A1A951321B88E49F004ADA27 /* PictureBookListTableViewController.swift */; };
		A1A951351B88E5E7004ADA27 /* PictureBookListTableViewCell.swift in Sources */ = {isa = PBXBuildFile; fileRef = A1A951341B88E5E7004ADA27 /* PictureBookListTableViewCell.swift */; };
		A1A951371B88E85E004ADA27 /* PictureBookOneListTableViewController.swift in Sources */ = {isa = PBXBuildFile; fileRef = A1A951361B88E85E004ADA27 /* PictureBookOneListTableViewController.swift */; };
		A1A951391B88E986004ADA27 /* coverTableViewCell.swift in Sources */ = {isa = PBXBuildFile; fileRef = A1A951381B88E986004ADA27 /* coverTableViewCell.swift */; };
		A1A9513B1B897EB4004ADA27 /* PictureBookDetailScrollViewTableViewCell.swift in Sources */ = {isa = PBXBuildFile; fileRef = A1A9513A1B897EB4004ADA27 /* PictureBookDetailScrollViewTableViewCell.swift */; };
		A1AC1A431ADA325400831D44 /* DPlayer.swift in Sources */ = {isa = PBXBuildFile; fileRef = A1AC1A421ADA325400831D44 /* DPlayer.swift */; };
		A1AC1A441ADA325400831D44 /* DPlayer.swift in Sources */ = {isa = PBXBuildFile; fileRef = A1AC1A421ADA325400831D44 /* DPlayer.swift */; };
		A1B598811B525E1100257DDB /* GlobalNavigationController.swift in Sources */ = {isa = PBXBuildFile; fileRef = A1B598801B525E1100257DDB /* GlobalNavigationController.swift */; };
		A1B598871B5265A300257DDB /* cartoonListTableViewController.swift in Sources */ = {isa = PBXBuildFile; fileRef = A1B598861B5265A300257DDB /* cartoonListTableViewController.swift */; };
		A1B5988A1B5268D000257DDB /* cartoonListTableViewCell.swift in Sources */ = {isa = PBXBuildFile; fileRef = A1B598891B5268D000257DDB /* cartoonListTableViewCell.swift */; };
		A1B598931B53B7B100257DDB /* cartoonDetailViewController.swift in Sources */ = {isa = PBXBuildFile; fileRef = A1B598921B53B7B100257DDB /* cartoonDetailViewController.swift */; };
		A1B598951B53BA6500257DDB /* cartoonImage in Resources */ = {isa = PBXBuildFile; fileRef = A1B598941B53BA6500257DDB /* cartoonImage */; };
		A1B598CF1B543BC300257DDB /* Model.swift in Sources */ = {isa = PBXBuildFile; fileRef = A1B598CA1B543BC300257DDB /* Model.swift */; };
		A1B598D01B543BC300257DDB /* PlayerManager.swift in Sources */ = {isa = PBXBuildFile; fileRef = A1B598CC1B543BC300257DDB /* PlayerManager.swift */; };
		A1B598D11B543BC300257DDB /* StatusManager.swift in Sources */ = {isa = PBXBuildFile; fileRef = A1B598CD1B543BC300257DDB /* StatusManager.swift */; };
		A1B598D21B543BC300257DDB /* ViewManager.swift in Sources */ = {isa = PBXBuildFile; fileRef = A1B598CE1B543BC300257DDB /* ViewManager.swift */; };
		A1B598D91B543C9200257DDB /* NowPlayingInfoCenter.swift in Sources */ = {isa = PBXBuildFile; fileRef = A1B598D41B543C9200257DDB /* NowPlayingInfoCenter.swift */; };
		A1B598DA1B543C9200257DDB /* Operation.swift in Sources */ = {isa = PBXBuildFile; fileRef = A1B598D51B543C9200257DDB /* Operation.swift */; };
		A1B598DB1B543C9200257DDB /* Player.swift in Sources */ = {isa = PBXBuildFile; fileRef = A1B598D61B543C9200257DDB /* Player.swift */; };
		A1B598DC1B543C9200257DDB /* Server.swift in Sources */ = {isa = PBXBuildFile; fileRef = A1B598D71B543C9200257DDB /* Server.swift */; };
		A1B598DD1B543C9200257DDB /* Status.swift in Sources */ = {isa = PBXBuildFile; fileRef = A1B598D81B543C9200257DDB /* Status.swift */; };
		A1B77F3B1B5675A100CE2E73 /* ScrollViewController.swift in Sources */ = {isa = PBXBuildFile; fileRef = A1B77F3A1B5675A100CE2E73 /* ScrollViewController.swift */; };
		A1B77F3D1B5675EB00CE2E73 /* UGC_iTunesGuide.swift in Sources */ = {isa = PBXBuildFile; fileRef = A1B77F3C1B5675EB00CE2E73 /* UGC_iTunesGuide.swift */; };
		A1B77F411B567DC200CE2E73 /* UGC_3rdOnlineResourceViewController.swift in Sources */ = {isa = PBXBuildFile; fileRef = A1B77F401B567DC200CE2E73 /* UGC_3rdOnlineResourceViewController.swift */; };
		A1BA8B191B54BDCB00F5A57F /* Reachability.swift in Sources */ = {isa = PBXBuildFile; fileRef = A1BA8B181B54BDCB00F5A57F /* Reachability.swift */; };
		A1BA8B1B1B54BE2100F5A57F /* IJReachability.swift in Sources */ = {isa = PBXBuildFile; fileRef = A1BA8B1A1B54BE2100F5A57F /* IJReachability.swift */; };
		A1BA8B1E1B54BEF900F5A57F /* SystemConfiguration.framework in Frameworks */ = {isa = PBXBuildFile; fileRef = A1BA8B1C1B54BE4A00F5A57F /* SystemConfiguration.framework */; settings = {ATTRIBUTES = (Weak, ); }; };
		A1BA8B201B54F63500F5A57F /* NavigationProtocol.swift in Sources */ = {isa = PBXBuildFile; fileRef = A1BA8B1F1B54F63500F5A57F /* NavigationProtocol.swift */; };
		A1BA8B231B54F7C700F5A57F /* playlistTableViewController.swift in Sources */ = {isa = PBXBuildFile; fileRef = A1BA8B221B54F7C700F5A57F /* playlistTableViewController.swift */; };
		A1BA8B251B54FA0C00F5A57F /* playlistTableViewCell.swift in Sources */ = {isa = PBXBuildFile; fileRef = A1BA8B241B54FA0C00F5A57F /* playlistTableViewCell.swift */; };
		A1BA8B281B54FEC900F5A57F /* UGCHomeViewController.swift in Sources */ = {isa = PBXBuildFile; fileRef = A1BA8B271B54FEC900F5A57F /* UGCHomeViewController.swift */; };
		A1BA8B2A1B55446100F5A57F /* notificationListTableViewCell.swift in Sources */ = {isa = PBXBuildFile; fileRef = A1BA8B291B55446100F5A57F /* notificationListTableViewCell.swift */; };
		A1BA8B2C1B55461400F5A57F /* notificationCenterTableViewController.swift in Sources */ = {isa = PBXBuildFile; fileRef = A1BA8B2B1B55461400F5A57F /* notificationCenterTableViewController.swift */; };
		A1D468851B5BD9CF0097358D /* GrownScrollViewController.swift in Sources */ = {isa = PBXBuildFile; fileRef = A1D468841B5BD9CF0097358D /* GrownScrollViewController.swift */; };
		A1D468871B5BDA920097358D /* GrownProtocol.swift in Sources */ = {isa = PBXBuildFile; fileRef = A1D468861B5BDA920097358D /* GrownProtocol.swift */; };
		A1D4688A1B5C31C60097358D /* media in Resources */ = {isa = PBXBuildFile; fileRef = A1D468891B5C31C60097358D /* media */; };
		A1D468901B5CE6960097358D /* GrownBottomTextViewController.swift in Sources */ = {isa = PBXBuildFile; fileRef = A1D4688F1B5CE6960097358D /* GrownBottomTextViewController.swift */; };
		A1D468921B5CE6B70097358D /* GrownBottomLogViewController.swift in Sources */ = {isa = PBXBuildFile; fileRef = A1D468911B5CE6B70097358D /* GrownBottomLogViewController.swift */; };
		A1D468941B5CE6E20097358D /* GrownBottomStatisticsViewController.swift in Sources */ = {isa = PBXBuildFile; fileRef = A1D468931B5CE6E20097358D /* GrownBottomStatisticsViewController.swift */; };
		A1D468961B5D1EF20097358D /* shopDetailContentViewController.swift in Sources */ = {isa = PBXBuildFile; fileRef = A1D468951B5D1EF20097358D /* shopDetailContentViewController.swift */; };
		A1D4689C1B5ECE840097358D /* NotificationCenterViewController.swift in Sources */ = {isa = PBXBuildFile; fileRef = A1D4689B1B5ECE840097358D /* NotificationCenterViewController.swift */; };
		A1D4689E1B5ED35F0097358D /* shopDetailStaticViewController.swift in Sources */ = {isa = PBXBuildFile; fileRef = A1D4689D1B5ED35F0097358D /* shopDetailStaticViewController.swift */; };
		A1D468DD1B60E8B80097358D /* CoreLocation.framework in Frameworks */ = {isa = PBXBuildFile; fileRef = A1D468DC1B60E8B80097358D /* CoreLocation.framework */; };
		A1D468E01B62C2F10097358D /* PlaylistStatisticTableViewCell.swift in Sources */ = {isa = PBXBuildFile; fileRef = A1D468DF1B62C2F10097358D /* PlaylistStatisticTableViewCell.swift */; };
		A1FB09381B5A3961001EAF27 /* iTunesGuide in Resources */ = {isa = PBXBuildFile; fileRef = A1FB09371B5A3961001EAF27 /* iTunesGuide */; };
		A1FB096C1B5A86DB001EAF27 /* shopDetailViewController.swift in Sources */ = {isa = PBXBuildFile; fileRef = A1FB096B1B5A86DB001EAF27 /* shopDetailViewController.swift */; };
		A1FB096E1B5A8FEC001EAF27 /* playScrollViewController.swift in Sources */ = {isa = PBXBuildFile; fileRef = A1FB096D1B5A8FEC001EAF27 /* playScrollViewController.swift */; };
		A1FB09701B5A9D64001EAF27 /* playUIProtocol.swift in Sources */ = {isa = PBXBuildFile; fileRef = A1FB096F1B5A9D64001EAF27 /* playUIProtocol.swift */; };
/* End PBXBuildFile section */

/* Begin PBXContainerItemProxy section */
		A15CD5EC1ACE496B0033AB57 /* PBXContainerItemProxy */ = {
			isa = PBXContainerItemProxy;
			containerPortal = A15CD5CE1ACE496B0033AB57 /* Project object */;
			proxyType = 1;
			remoteGlobalIDString = A15CD5D51ACE496B0033AB57;
			remoteInfo = childFMWebkit;
		};
/* End PBXContainerItemProxy section */

/* Begin PBXCopyFilesBuildPhase section */
		A179289E1AEF5D3C003E8AD4 /* CopyFiles */ = {
			isa = PBXCopyFilesBuildPhase;
			buildActionMask = 2147483647;
			dstPath = "";
			dstSubfolderSpec = 7;
			files = (
			);
			runOnlyForDeploymentPostprocessing = 0;
		};
		A1A511201AD5141F00AD37B4 /* CopyFiles */ = {
			isa = PBXCopyFilesBuildPhase;
			buildActionMask = 12;
			dstPath = "";
			dstSubfolderSpec = 10;
			files = (
			);
			runOnlyForDeploymentPostprocessing = 0;
		};
/* End PBXCopyFilesBuildPhase section */

/* Begin PBXFileReference section */
		A10F76E81B83818C00BB9A24 /* Module.swift */ = {isa = PBXFileReference; fileEncoding = 4; lastKnownFileType = sourcecode.swift; path = Module.swift; sourceTree = "<group>"; };
		A10F76FD1B83885C00BB9A24 /* AppPlayer.swift */ = {isa = PBXFileReference; fileEncoding = 4; lastKnownFileType = sourcecode.swift; path = AppPlayer.swift; sourceTree = "<group>"; };
		A110706C1B5799BD001E3B84 /* playViewController.swift */ = {isa = PBXFileReference; fileEncoding = 4; lastKnownFileType = sourcecode.swift; name = playViewController.swift; path = playUI/playViewController.swift; sourceTree = "<group>"; };
		A110706E1B579AEC001E3B84 /* video */ = {isa = PBXFileReference; lastKnownFileType = folder; path = video; sourceTree = "<group>"; };
		A12E9A891AD69410009B2D60 /* SwiftyJSON.swift */ = {isa = PBXFileReference; fileEncoding = 4; lastKnownFileType = sourcecode.swift; name = SwiftyJSON.swift; path = public/SwiftyJSON.swift; sourceTree = "<group>"; };
		A13B67AC1B65367100EED237 /* NativeMainViewController.swift */ = {isa = PBXFileReference; fileEncoding = 4; lastKnownFileType = sourcecode.swift; name = NativeMainViewController.swift; path = controllers/NativeMainViewController.swift; sourceTree = "<group>"; };
		A143897B1B78EB870052D5AE /* GrowUpCorona.swift */ = {isa = PBXFileReference; fileEncoding = 4; lastKnownFileType = sourcecode.swift; name = GrowUpCorona.swift; path = GrowUpCorona/GrowUpCorona.swift; sourceTree = "<group>"; };
		A143897D1B78EBA60052D5AE /* RulingView.swift */ = {isa = PBXFileReference; fileEncoding = 4; lastKnownFileType = sourcecode.swift; name = RulingView.swift; path = GrowUpCorona/RulingView.swift; sourceTree = "<group>"; };
		A15CD5D61ACE496B0033AB57 /* childFMWebkit.app */ = {isa = PBXFileReference; explicitFileType = wrapper.application; includeInIndex = 0; path = childFMWebkit.app; sourceTree = BUILT_PRODUCTS_DIR; };
		A15CD5DA1ACE496B0033AB57 /* Info.plist */ = {isa = PBXFileReference; lastKnownFileType = text.plist.xml; path = Info.plist; sourceTree = "<group>"; };
		A15CD5DB1ACE496B0033AB57 /* AppDelegate.swift */ = {isa = PBXFileReference; lastKnownFileType = sourcecode.swift; path = AppDelegate.swift; sourceTree = "<group>"; };
		A15CD5DD1ACE496B0033AB57 /* mainViewController.swift */ = {isa = PBXFileReference; lastKnownFileType = sourcecode.swift; path = mainViewController.swift; sourceTree = "<group>"; };
		A15CD5E01ACE496B0033AB57 /* Base */ = {isa = PBXFileReference; lastKnownFileType = file.storyboard; name = Base; path = Base.lproj/Main.storyboard; sourceTree = "<group>"; };
		A15CD5E21ACE496B0033AB57 /* Images.xcassets */ = {isa = PBXFileReference; lastKnownFileType = folder.assetcatalog; path = Images.xcassets; sourceTree = "<group>"; };
		A15CD5E51ACE496B0033AB57 /* Base */ = {isa = PBXFileReference; lastKnownFileType = file.xib; name = Base; path = Base.lproj/LaunchScreen.xib; sourceTree = "<group>"; };
		A15CD5EB1ACE496B0033AB57 /* childFMWebkitTests.xctest */ = {isa = PBXFileReference; explicitFileType = wrapper.cfbundle; includeInIndex = 0; path = childFMWebkitTests.xctest; sourceTree = BUILT_PRODUCTS_DIR; };
		A15CD5F01ACE496B0033AB57 /* Info.plist */ = {isa = PBXFileReference; lastKnownFileType = text.plist.xml; path = Info.plist; sourceTree = "<group>"; };
		A15CD5F11ACE496B0033AB57 /* childFMWebkitTests.swift */ = {isa = PBXFileReference; lastKnownFileType = sourcecode.swift; path = childFMWebkitTests.swift; sourceTree = "<group>"; };
		A15CD5FF1ACEC6650033AB57 /* childFMWebkit-Bridging-Header.h */ = {isa = PBXFileReference; lastKnownFileType = sourcecode.c.h; path = "childFMWebkit-Bridging-Header.h"; sourceTree = "<group>"; };
		A15CD6001ACEC6660033AB57 /* test.h */ = {isa = PBXFileReference; fileEncoding = 4; lastKnownFileType = sourcecode.c.h; path = test.h; sourceTree = "<group>"; };
		A179F8411B80795800B82695 /* MotherEncyclopedia.app */ = {isa = PBXFileReference; explicitFileType = wrapper.application; includeInIndex = 0; path = MotherEncyclopedia.app; sourceTree = BUILT_PRODUCTS_DIR; };
		A179F8431B80795800B82695 /* AppDelegate.swift */ = {isa = PBXFileReference; lastKnownFileType = sourcecode.swift; path = AppDelegate.swift; sourceTree = "<group>"; };
		A179F8481B80795800B82695 /* Base */ = {isa = PBXFileReference; lastKnownFileType = file.storyboard; name = Base; path = Base.lproj/Main.storyboard; sourceTree = "<group>"; };
		A179F84A1B80795800B82695 /* Assets.xcassets */ = {isa = PBXFileReference; lastKnownFileType = folder.assetcatalog; path = Assets.xcassets; sourceTree = "<group>"; };
		A179F84D1B80795800B82695 /* Base */ = {isa = PBXFileReference; lastKnownFileType = file.storyboard; name = Base; path = Base.lproj/LaunchScreen.storyboard; sourceTree = "<group>"; };
		A179F84F1B80795800B82695 /* Info.plist */ = {isa = PBXFileReference; lastKnownFileType = text.plist.xml; path = Info.plist; sourceTree = "<group>"; };
		A179F8531B807B0300B82695 /* CartoonDetailViewController.swift */ = {isa = PBXFileReference; fileEncoding = 4; lastKnownFileType = sourcecode.swift; path = CartoonDetailViewController.swift; sourceTree = "<group>"; };
		A179F8551B807B9A00B82695 /* FullImageScrollViewController.swift */ = {isa = PBXFileReference; fileEncoding = 4; lastKnownFileType = sourcecode.swift; name = FullImageScrollViewController.swift; path = lib/FullImageScrollViewController.swift; sourceTree = SOURCE_ROOT; };
		A179F85E1B80907500B82695 /* GrowUpDaily.app */ = {isa = PBXFileReference; explicitFileType = wrapper.application; includeInIndex = 0; path = GrowUpDaily.app; sourceTree = BUILT_PRODUCTS_DIR; };
		A179F8601B80907500B82695 /* AppDelegate.swift */ = {isa = PBXFileReference; lastKnownFileType = sourcecode.swift; path = AppDelegate.swift; sourceTree = "<group>"; };
		A179F8621B80907500B82695 /* ViewController.swift */ = {isa = PBXFileReference; lastKnownFileType = sourcecode.swift; path = ViewController.swift; sourceTree = "<group>"; };
		A179F8651B80907500B82695 /* Base */ = {isa = PBXFileReference; lastKnownFileType = file.storyboard; name = Base; path = Base.lproj/Main.storyboard; sourceTree = "<group>"; };
		A179F8671B80907500B82695 /* Assets.xcassets */ = {isa = PBXFileReference; lastKnownFileType = folder.assetcatalog; path = Assets.xcassets; sourceTree = "<group>"; };
		A179F86A1B80907500B82695 /* Base */ = {isa = PBXFileReference; lastKnownFileType = file.storyboard; name = Base; path = Base.lproj/LaunchScreen.storyboard; sourceTree = "<group>"; };
		A179F86C1B80907500B82695 /* Info.plist */ = {isa = PBXFileReference; lastKnownFileType = text.plist.xml; path = Info.plist; sourceTree = "<group>"; };
		A179F8741B80908B00B82695 /* MagicEar.app */ = {isa = PBXFileReference; explicitFileType = wrapper.application; includeInIndex = 0; path = MagicEar.app; sourceTree = BUILT_PRODUCTS_DIR; };
		A179F8761B80908B00B82695 /* AppDelegate.swift */ = {isa = PBXFileReference; lastKnownFileType = sourcecode.swift; path = AppDelegate.swift; sourceTree = "<group>"; };
		A179F87B1B80908B00B82695 /* Base */ = {isa = PBXFileReference; lastKnownFileType = file.storyboard; name = Base; path = Base.lproj/Main.storyboard; sourceTree = "<group>"; };
		A179F87D1B80908B00B82695 /* Assets.xcassets */ = {isa = PBXFileReference; lastKnownFileType = folder.assetcatalog; path = Assets.xcassets; sourceTree = "<group>"; };
		A179F8801B80908B00B82695 /* Base */ = {isa = PBXFileReference; lastKnownFileType = file.storyboard; name = Base; path = Base.lproj/LaunchScreen.storyboard; sourceTree = "<group>"; };
		A179F8821B80908B00B82695 /* Info.plist */ = {isa = PBXFileReference; lastKnownFileType = text.plist.xml; path = Info.plist; sourceTree = "<group>"; };
		A17CC7531B8F613B0074150D /* iTunesUploadTableViewController.swift */ = {isa = PBXFileReference; fileEncoding = 4; lastKnownFileType = sourcecode.swift; name = iTunesUploadTableViewController.swift; path = UGC/iTunesUploadTableViewController.swift; sourceTree = "<group>"; };
		A17CC7561B8F61510074150D /* iPodMusicTableViewController.swift */ = {isa = PBXFileReference; fileEncoding = 4; lastKnownFileType = sourcecode.swift; name = iPodMusicTableViewController.swift; path = UGC/iPodMusicTableViewController.swift; sourceTree = "<group>"; };
		A17CC7591B8F61700074150D /* netFriendShareTableViewController.swift */ = {isa = PBXFileReference; fileEncoding = 4; lastKnownFileType = sourcecode.swift; path = netFriendShareTableViewController.swift; sourceTree = "<group>"; };
		A17CC75C1B8F77840074150D /* DownloadListTableViewController.swift */ = {isa = PBXFileReference; fileEncoding = 4; lastKnownFileType = sourcecode.swift; name = DownloadListTableViewController.swift; path = UGC/DownloadListTableViewController.swift; sourceTree = "<group>"; };
		A17CC7601B8F793E0074150D /* DownloadListTableViewCell.swift */ = {isa = PBXFileReference; fileEncoding = 4; lastKnownFileType = sourcecode.swift; name = DownloadListTableViewCell.swift; path = UGC/Cell/DownloadListTableViewCell.swift; sourceTree = "<group>"; };
		A1876D9B1B8EFC22000FEC26 /* OnlineResourceBrowserViewController.swift */ = {isa = PBXFileReference; fileEncoding = 4; lastKnownFileType = sourcecode.swift; name = OnlineResourceBrowserViewController.swift; path = UGC/OnlineResourceBrowserViewController.swift; sourceTree = "<group>"; };
		A1876D9E1B8EFFD1000FEC26 /* UGCTabbarViewController.swift */ = {isa = PBXFileReference; fileEncoding = 4; lastKnownFileType = sourcecode.swift; name = UGCTabbarViewController.swift; path = UGC/UGCTabbarViewController.swift; sourceTree = "<group>"; };
		A1876DA11B8F045F000FEC26 /* MiiNSURLProtocol.swift */ = {isa = PBXFileReference; fileEncoding = 4; lastKnownFileType = sourcecode.swift; path = MiiNSURLProtocol.swift; sourceTree = "<group>"; };
		A1876DA41B8F047C000FEC26 /* MiiDownloader.swift */ = {isa = PBXFileReference; fileEncoding = 4; lastKnownFileType = sourcecode.swift; path = MiiDownloader.swift; sourceTree = "<group>"; };
		A1876DA71B8F04BA000FEC26 /* DownloadView.swift */ = {isa = PBXFileReference; fileEncoding = 4; lastKnownFileType = sourcecode.swift; path = DownloadView.swift; sourceTree = "<group>"; };
		A1876DCD1B8F3527000FEC26 /* OnlineResourceNavigationWebSite */ = {isa = PBXFileReference; lastKnownFileType = folder; path = OnlineResourceNavigationWebSite; sourceTree = "<group>"; };
		A18A81711B8EEDB9005BCC63 /* DJVisualViewController.swift */ = {isa = PBXFileReference; fileEncoding = 4; lastKnownFileType = sourcecode.swift; path = DJVisualViewController.swift; sourceTree = "<group>"; };
		A1A510ED1AD4513E00AD37B4 /* mvpViewController.swift */ = {isa = PBXFileReference; fileEncoding = 4; lastKnownFileType = sourcecode.swift; name = mvpViewController.swift; path = controllers/mvpViewController.swift; sourceTree = "<group>"; };
		A1A510F51AD4D5DB00AD37B4 /* json.swift */ = {isa = PBXFileReference; fileEncoding = 4; lastKnownFileType = sourcecode.swift; name = json.swift; path = public/json.swift; sourceTree = "<group>"; };
		A1A511221AD5149E00AD37B4 /* statusStorage.swift */ = {isa = PBXFileReference; fileEncoding = 4; lastKnownFileType = sourcecode.swift; name = statusStorage.swift; path = public/statusStorage.swift; sourceTree = "<group>"; };
		A1A951171B88D350004ADA27 /* Assets.xcassets */ = {isa = PBXFileReference; lastKnownFileType = folder.assetcatalog; path = Assets.xcassets; sourceTree = "<group>"; };
		A1A951201B88E14A004ADA27 /* picture-book.app */ = {isa = PBXFileReference; explicitFileType = wrapper.application; includeInIndex = 0; path = "picture-book.app"; sourceTree = BUILT_PRODUCTS_DIR; };
		A1A951221B88E14A004ADA27 /* AppDelegate.swift */ = {isa = PBXFileReference; lastKnownFileType = sourcecode.swift; path = AppDelegate.swift; sourceTree = "<group>"; };
		A1A951271B88E14A004ADA27 /* Base */ = {isa = PBXFileReference; lastKnownFileType = file.storyboard; name = Base; path = Base.lproj/Main.storyboard; sourceTree = "<group>"; };
		A1A951291B88E14A004ADA27 /* Assets.xcassets */ = {isa = PBXFileReference; lastKnownFileType = folder.assetcatalog; path = Assets.xcassets; sourceTree = "<group>"; };
		A1A9512C1B88E14A004ADA27 /* Base */ = {isa = PBXFileReference; lastKnownFileType = file.storyboard; name = Base; path = Base.lproj/LaunchScreen.storyboard; sourceTree = "<group>"; };
		A1A9512E1B88E14A004ADA27 /* Info.plist */ = {isa = PBXFileReference; lastKnownFileType = text.plist.xml; path = Info.plist; sourceTree = "<group>"; };
		A1A951321B88E49F004ADA27 /* PictureBookListTableViewController.swift */ = {isa = PBXFileReference; fileEncoding = 4; lastKnownFileType = sourcecode.swift; path = PictureBookListTableViewController.swift; sourceTree = "<group>"; };
		A1A951341B88E5E7004ADA27 /* PictureBookListTableViewCell.swift */ = {isa = PBXFileReference; fileEncoding = 4; lastKnownFileType = sourcecode.swift; path = PictureBookListTableViewCell.swift; sourceTree = "<group>"; };
		A1A951361B88E85E004ADA27 /* PictureBookOneListTableViewController.swift */ = {isa = PBXFileReference; fileEncoding = 4; lastKnownFileType = sourcecode.swift; path = PictureBookOneListTableViewController.swift; sourceTree = "<group>"; };
		A1A951381B88E986004ADA27 /* coverTableViewCell.swift */ = {isa = PBXFileReference; fileEncoding = 4; lastKnownFileType = sourcecode.swift; path = coverTableViewCell.swift; sourceTree = "<group>"; };
		A1A9513A1B897EB4004ADA27 /* PictureBookDetailScrollViewTableViewCell.swift */ = {isa = PBXFileReference; fileEncoding = 4; lastKnownFileType = sourcecode.swift; path = PictureBookDetailScrollViewTableViewCell.swift; sourceTree = "<group>"; };
		A1AC1A421ADA325400831D44 /* DPlayer.swift */ = {isa = PBXFileReference; fileEncoding = 4; lastKnownFileType = sourcecode.swift; path = DPlayer.swift; sourceTree = "<group>"; };
		A1B598801B525E1100257DDB /* GlobalNavigationController.swift */ = {isa = PBXFileReference; fileEncoding = 4; lastKnownFileType = sourcecode.swift; name = GlobalNavigationController.swift; path = controllers/GlobalNavigationController.swift; sourceTree = "<group>"; };
		A1B598861B5265A300257DDB /* cartoonListTableViewController.swift */ = {isa = PBXFileReference; fileEncoding = 4; lastKnownFileType = sourcecode.swift; name = cartoonListTableViewController.swift; path = controllers/cartoonListTableViewController.swift; sourceTree = "<group>"; };
		A1B598891B5268D000257DDB /* cartoonListTableViewCell.swift */ = {isa = PBXFileReference; fileEncoding = 4; lastKnownFileType = sourcecode.swift; name = cartoonListTableViewCell.swift; path = cell/cartoonListTableViewCell.swift; sourceTree = "<group>"; };
		A1B598921B53B7B100257DDB /* cartoonDetailViewController.swift */ = {isa = PBXFileReference; fileEncoding = 4; lastKnownFileType = sourcecode.swift; name = cartoonDetailViewController.swift; path = controllers/cartoon/cartoonDetailViewController.swift; sourceTree = "<group>"; };
		A1B598941B53BA6500257DDB /* cartoonImage */ = {isa = PBXFileReference; lastKnownFileType = folder; path = cartoonImage; sourceTree = "<group>"; };
		A1B598CA1B543BC300257DDB /* Model.swift */ = {isa = PBXFileReference; lastKnownFileType = sourcecode.swift; name = Model.swift; path = Protocols/Model.swift; sourceTree = "<group>"; };
		A1B598CC1B543BC300257DDB /* PlayerManager.swift */ = {isa = PBXFileReference; lastKnownFileType = sourcecode.swift; name = PlayerManager.swift; path = Protocols/PlayerManager.swift; sourceTree = "<group>"; };
		A1B598CD1B543BC300257DDB /* StatusManager.swift */ = {isa = PBXFileReference; lastKnownFileType = sourcecode.swift; name = StatusManager.swift; path = Protocols/StatusManager.swift; sourceTree = "<group>"; };
		A1B598CE1B543BC300257DDB /* ViewManager.swift */ = {isa = PBXFileReference; lastKnownFileType = sourcecode.swift; name = ViewManager.swift; path = Protocols/ViewManager.swift; sourceTree = "<group>"; };
		A1B598D41B543C9200257DDB /* NowPlayingInfoCenter.swift */ = {isa = PBXFileReference; lastKnownFileType = sourcecode.swift; name = NowPlayingInfoCenter.swift; path = childFMWebkit/Modules/NowPlayingInfoCenter.swift; sourceTree = "<group>"; };
		A1B598D51B543C9200257DDB /* Operation.swift */ = {isa = PBXFileReference; lastKnownFileType = sourcecode.swift; name = Operation.swift; path = childFMWebkit/Modules/Operation.swift; sourceTree = "<group>"; };
		A1B598D61B543C9200257DDB /* Player.swift */ = {isa = PBXFileReference; lastKnownFileType = sourcecode.swift; name = Player.swift; path = childFMWebkit/Modules/Player.swift; sourceTree = "<group>"; };
		A1B598D71B543C9200257DDB /* Server.swift */ = {isa = PBXFileReference; lastKnownFileType = sourcecode.swift; name = Server.swift; path = childFMWebkit/Modules/Server.swift; sourceTree = "<group>"; };
		A1B598D81B543C9200257DDB /* Status.swift */ = {isa = PBXFileReference; lastKnownFileType = sourcecode.swift; name = Status.swift; path = childFMWebkit/Modules/Status.swift; sourceTree = "<group>"; };
		A1B77F3A1B5675A100CE2E73 /* ScrollViewController.swift */ = {isa = PBXFileReference; fileEncoding = 4; lastKnownFileType = sourcecode.swift; name = ScrollViewController.swift; path = controllers/ScrollViewController.swift; sourceTree = "<group>"; };
		A1B77F3C1B5675EB00CE2E73 /* UGC_iTunesGuide.swift */ = {isa = PBXFileReference; fileEncoding = 4; lastKnownFileType = sourcecode.swift; name = UGC_iTunesGuide.swift; path = UGC/UGC_iTunesGuide.swift; sourceTree = "<group>"; };
		A1B77F401B567DC200CE2E73 /* UGC_3rdOnlineResourceViewController.swift */ = {isa = PBXFileReference; fileEncoding = 4; lastKnownFileType = sourcecode.swift; name = UGC_3rdOnlineResourceViewController.swift; path = UGC/UGC_3rdOnlineResourceViewController.swift; sourceTree = "<group>"; };
		A1BA8B181B54BDCB00F5A57F /* Reachability.swift */ = {isa = PBXFileReference; lastKnownFileType = sourcecode.swift; name = Reachability.swift; path = public/Reachability.swift; sourceTree = "<group>"; };
		A1BA8B1A1B54BE2100F5A57F /* IJReachability.swift */ = {isa = PBXFileReference; lastKnownFileType = sourcecode.swift; name = IJReachability.swift; path = public/IJReachability.swift; sourceTree = "<group>"; };
		A1BA8B1C1B54BE4A00F5A57F /* SystemConfiguration.framework */ = {isa = PBXFileReference; lastKnownFileType = wrapper.framework; name = SystemConfiguration.framework; path = System/Library/Frameworks/SystemConfiguration.framework; sourceTree = SDKROOT; };
		A1BA8B1F1B54F63500F5A57F /* NavigationProtocol.swift */ = {isa = PBXFileReference; fileEncoding = 4; lastKnownFileType = sourcecode.swift; name = NavigationProtocol.swift; path = Protocols/NavigationProtocol.swift; sourceTree = "<group>"; };
		A1BA8B221B54F7C700F5A57F /* playlistTableViewController.swift */ = {isa = PBXFileReference; fileEncoding = 4; lastKnownFileType = sourcecode.swift; name = playlistTableViewController.swift; path = playUI/playlistTableViewController.swift; sourceTree = "<group>"; };
		A1BA8B241B54FA0C00F5A57F /* playlistTableViewCell.swift */ = {isa = PBXFileReference; fileEncoding = 4; lastKnownFileType = sourcecode.swift; name = playlistTableViewCell.swift; path = cell/playlistTableViewCell.swift; sourceTree = "<group>"; };
		A1BA8B271B54FEC900F5A57F /* UGCHomeViewController.swift */ = {isa = PBXFileReference; fileEncoding = 4; lastKnownFileType = sourcecode.swift; name = UGCHomeViewController.swift; path = UGC/UGCHomeViewController.swift; sourceTree = "<group>"; };
		A1BA8B291B55446100F5A57F /* notificationListTableViewCell.swift */ = {isa = PBXFileReference; fileEncoding = 4; lastKnownFileType = sourcecode.swift; name = notificationListTableViewCell.swift; path = cell/notificationListTableViewCell.swift; sourceTree = "<group>"; };
		A1BA8B2B1B55461400F5A57F /* notificationCenterTableViewController.swift */ = {isa = PBXFileReference; fileEncoding = 4; lastKnownFileType = sourcecode.swift; name = notificationCenterTableViewController.swift; path = notificationCenter/notificationCenterTableViewController.swift; sourceTree = "<group>"; };
		A1D468841B5BD9CF0097358D /* GrownScrollViewController.swift */ = {isa = PBXFileReference; fileEncoding = 4; lastKnownFileType = sourcecode.swift; path = GrownScrollViewController.swift; sourceTree = "<group>"; };
		A1D468861B5BDA920097358D /* GrownProtocol.swift */ = {isa = PBXFileReference; fileEncoding = 4; lastKnownFileType = sourcecode.swift; path = GrownProtocol.swift; sourceTree = "<group>"; };
		A1D468891B5C31C60097358D /* media */ = {isa = PBXFileReference; lastKnownFileType = folder; path = media; sourceTree = "<group>"; };
		A1D4688F1B5CE6960097358D /* GrownBottomTextViewController.swift */ = {isa = PBXFileReference; fileEncoding = 4; lastKnownFileType = sourcecode.swift; name = GrownBottomTextViewController.swift; path = Grown/GrownBottomTextViewController.swift; sourceTree = "<group>"; };
		A1D468911B5CE6B70097358D /* GrownBottomLogViewController.swift */ = {isa = PBXFileReference; fileEncoding = 4; lastKnownFileType = sourcecode.swift; name = GrownBottomLogViewController.swift; path = Grown/GrownBottomLogViewController.swift; sourceTree = "<group>"; };
		A1D468931B5CE6E20097358D /* GrownBottomStatisticsViewController.swift */ = {isa = PBXFileReference; fileEncoding = 4; lastKnownFileType = sourcecode.swift; name = GrownBottomStatisticsViewController.swift; path = Grown/GrownBottomStatisticsViewController.swift; sourceTree = "<group>"; };
		A1D468951B5D1EF20097358D /* shopDetailContentViewController.swift */ = {isa = PBXFileReference; fileEncoding = 4; lastKnownFileType = sourcecode.swift; name = shopDetailContentViewController.swift; path = playUI/shopDetailContentViewController.swift; sourceTree = "<group>"; };
		A1D4689B1B5ECE840097358D /* NotificationCenterViewController.swift */ = {isa = PBXFileReference; fileEncoding = 4; lastKnownFileType = sourcecode.swift; name = NotificationCenterViewController.swift; path = notificationCenter/NotificationCenterViewController.swift; sourceTree = "<group>"; };
		A1D4689D1B5ED35F0097358D /* shopDetailStaticViewController.swift */ = {isa = PBXFileReference; fileEncoding = 4; lastKnownFileType = sourcecode.swift; name = shopDetailStaticViewController.swift; path = playUI/shopDetailStaticViewController.swift; sourceTree = "<group>"; };
		A1D468DC1B60E8B80097358D /* CoreLocation.framework */ = {isa = PBXFileReference; lastKnownFileType = wrapper.framework; name = CoreLocation.framework; path = System/Library/Frameworks/CoreLocation.framework; sourceTree = SDKROOT; };
		A1D468DF1B62C2F10097358D /* PlaylistStatisticTableViewCell.swift */ = {isa = PBXFileReference; fileEncoding = 4; lastKnownFileType = sourcecode.swift; name = PlaylistStatisticTableViewCell.swift; path = playUI/PlaylistStatisticTableViewCell.swift; sourceTree = "<group>"; };
		A1FB09371B5A3961001EAF27 /* iTunesGuide */ = {isa = PBXFileReference; lastKnownFileType = folder; path = iTunesGuide; sourceTree = "<group>"; };
		A1FB096B1B5A86DB001EAF27 /* shopDetailViewController.swift */ = {isa = PBXFileReference; fileEncoding = 4; lastKnownFileType = sourcecode.swift; name = shopDetailViewController.swift; path = playUI/shopDetailViewController.swift; sourceTree = "<group>"; };
		A1FB096D1B5A8FEC001EAF27 /* playScrollViewController.swift */ = {isa = PBXFileReference; fileEncoding = 4; lastKnownFileType = sourcecode.swift; name = playScrollViewController.swift; path = playUI/playScrollViewController.swift; sourceTree = "<group>"; };
		A1FB096F1B5A9D64001EAF27 /* playUIProtocol.swift */ = {isa = PBXFileReference; fileEncoding = 4; lastKnownFileType = sourcecode.swift; path = playUIProtocol.swift; sourceTree = "<group>"; };
/* End PBXFileReference section */

/* Begin PBXFrameworksBuildPhase section */
		A15CD5D31ACE496B0033AB57 /* Frameworks */ = {
			isa = PBXFrameworksBuildPhase;
			buildActionMask = 2147483647;
			files = (
				A1D468DD1B60E8B80097358D /* CoreLocation.framework in Frameworks */,
				A1BA8B1E1B54BEF900F5A57F /* SystemConfiguration.framework in Frameworks */,
			);
			runOnlyForDeploymentPostprocessing = 0;
		};
		A15CD5E81ACE496B0033AB57 /* Frameworks */ = {
			isa = PBXFrameworksBuildPhase;
			buildActionMask = 2147483647;
			files = (
			);
			runOnlyForDeploymentPostprocessing = 0;
		};
		A179F83E1B80795800B82695 /* Frameworks */ = {
			isa = PBXFrameworksBuildPhase;
			buildActionMask = 2147483647;
			files = (
			);
			runOnlyForDeploymentPostprocessing = 0;
		};
		A179F85B1B80907500B82695 /* Frameworks */ = {
			isa = PBXFrameworksBuildPhase;
			buildActionMask = 2147483647;
			files = (
			);
			runOnlyForDeploymentPostprocessing = 0;
		};
		A179F8711B80908B00B82695 /* Frameworks */ = {
			isa = PBXFrameworksBuildPhase;
			buildActionMask = 2147483647;
			files = (
			);
			runOnlyForDeploymentPostprocessing = 0;
		};
		A1A9511D1B88E14A004ADA27 /* Frameworks */ = {
			isa = PBXFrameworksBuildPhase;
			buildActionMask = 2147483647;
			files = (
			);
			runOnlyForDeploymentPostprocessing = 0;
		};
/* End PBXFrameworksBuildPhase section */

/* Begin PBXGroup section */
		A143897A1B78EB470052D5AE /* growUpCorona */ = {
			isa = PBXGroup;
			children = (
				A143897B1B78EB870052D5AE /* GrowUpCorona.swift */,
				A143897D1B78EBA60052D5AE /* RulingView.swift */,
			);
			name = growUpCorona;
			path = ../childFMWebkit;
			sourceTree = "<group>";
		};
		A15CD5CD1ACE496B0033AB57 = {
			isa = PBXGroup;
			children = (
				A1876DCD1B8F3527000FEC26 /* OnlineResourceNavigationWebSite */,
				A1D468891B5C31C60097358D /* media */,
				A1FB09371B5A3961001EAF27 /* iTunesGuide */,
				A110706E1B579AEC001E3B84 /* video */,
				A1BA8B1A1B54BE2100F5A57F /* IJReachability.swift */,
				A1BA8B181B54BDCB00F5A57F /* Reachability.swift */,
				A1B598D41B543C9200257DDB /* NowPlayingInfoCenter.swift */,
				A1B598D51B543C9200257DDB /* Operation.swift */,
				A1B598D61B543C9200257DDB /* Player.swift */,
				A1B598D71B543C9200257DDB /* Server.swift */,
				A1B598D81B543C9200257DDB /* Status.swift */,
				A1B598941B53BA6500257DDB /* cartoonImage */,
				A1A510F41AD4D5C100AD37B4 /* public */,
				A15CD5D81ACE496B0033AB57 /* childFMWebkit */,
				A15CD5EE1ACE496B0033AB57 /* childFMWebkitTests */,
				A179F8421B80795800B82695 /* MotherEncyclopedia */,
				A179F85F1B80907500B82695 /* GrowUpDaily */,
				A179F8751B80908B00B82695 /* MagicEar */,
				A1A951211B88E14A004ADA27 /* picture-book */,
				A15CD5D71ACE496B0033AB57 /* Products */,
				D37B5825AF5CE62E6C8213B5 /* Pods */,
				D82379EE91EAEAE91CBCBE39 /* Frameworks */,
			);
			sourceTree = "<group>";
		};
		A15CD5D71ACE496B0033AB57 /* Products */ = {
			isa = PBXGroup;
			children = (
				A15CD5D61ACE496B0033AB57 /* childFMWebkit.app */,
				A15CD5EB1ACE496B0033AB57 /* childFMWebkitTests.xctest */,
				A179F8411B80795800B82695 /* MotherEncyclopedia.app */,
				A179F85E1B80907500B82695 /* GrowUpDaily.app */,
				A179F8741B80908B00B82695 /* MagicEar.app */,
				A1A951201B88E14A004ADA27 /* picture-book.app */,
			);
			name = Products;
			sourceTree = "<group>";
		};
		A15CD5D81ACE496B0033AB57 /* childFMWebkit */ = {
			isa = PBXGroup;
			children = (
				A1A951171B88D350004ADA27 /* Assets.xcassets */,
				A1B598881B52685800257DDB /* cell */,
				A1B598831B5262A800257DDB /* Protocols */,
				A1A510EC1AD4511300AD37B4 /* Controllers */,
				A15CD5DB1ACE496B0033AB57 /* AppDelegate.swift */,
				A15CD5DF1ACE496B0033AB57 /* Main.storyboard */,
				A15CD5E21ACE496B0033AB57 /* Images.xcassets */,
				A15CD5E41ACE496B0033AB57 /* LaunchScreen.xib */,
				A15CD5D91ACE496B0033AB57 /* Supporting Files */,
				A15CD6001ACEC6660033AB57 /* test.h */,
				A15CD5FF1ACEC6650033AB57 /* childFMWebkit-Bridging-Header.h */,
			);
			path = childFMWebkit;
			sourceTree = "<group>";
		};
		A15CD5D91ACE496B0033AB57 /* Supporting Files */ = {
			isa = PBXGroup;
			children = (
				A15CD5DA1ACE496B0033AB57 /* Info.plist */,
			);
			name = "Supporting Files";
			sourceTree = "<group>";
		};
		A15CD5EE1ACE496B0033AB57 /* childFMWebkitTests */ = {
			isa = PBXGroup;
			children = (
				A15CD5F11ACE496B0033AB57 /* childFMWebkitTests.swift */,
				A15CD5EF1ACE496B0033AB57 /* Supporting Files */,
			);
			path = childFMWebkitTests;
			sourceTree = "<group>";
		};
		A15CD5EF1ACE496B0033AB57 /* Supporting Files */ = {
			isa = PBXGroup;
			children = (
				A15CD5F01ACE496B0033AB57 /* Info.plist */,
			);
			name = "Supporting Files";
			sourceTree = "<group>";
		};
		A179F8421B80795800B82695 /* MotherEncyclopedia */ = {
			isa = PBXGroup;
			children = (
				A1BA8B2F1B5547EF00F5A57F /* Cartoon */,
				A179F8431B80795800B82695 /* AppDelegate.swift */,
				A179F8471B80795800B82695 /* Main.storyboard */,
				A179F84A1B80795800B82695 /* Assets.xcassets */,
				A179F84C1B80795800B82695 /* LaunchScreen.storyboard */,
				A179F84F1B80795800B82695 /* Info.plist */,
				A179F8531B807B0300B82695 /* CartoonDetailViewController.swift */,
				A179F8551B807B9A00B82695 /* FullImageScrollViewController.swift */,
			);
			path = MotherEncyclopedia;
			sourceTree = "<group>";
		};
		A179F85F1B80907500B82695 /* GrowUpDaily */ = {
			isa = PBXGroup;
			children = (
				A1D468831B5BD9B60097358D /* Grown */,
				A143897A1B78EB470052D5AE /* growUpCorona */,
				A179F8601B80907500B82695 /* AppDelegate.swift */,
				A179F8621B80907500B82695 /* ViewController.swift */,
				A179F8641B80907500B82695 /* Main.storyboard */,
				A179F8671B80907500B82695 /* Assets.xcassets */,
				A179F8691B80907500B82695 /* LaunchScreen.storyboard */,
				A179F86C1B80907500B82695 /* Info.plist */,
			);
			path = GrowUpDaily;
			sourceTree = "<group>";
		};
		A179F8751B80908B00B82695 /* MagicEar */ = {
			isa = PBXGroup;
			children = (
				A1876D9A1B8EFBC6000FEC26 /* UGC-ViewControllers */,
				A1BA8B261B54FE9000F5A57F /* UGC */,
				A1BA8B211B54F7A800F5A57F /* playUI */,
				A179F8761B80908B00B82695 /* AppDelegate.swift */,
				A179F87A1B80908B00B82695 /* Main.storyboard */,
				A179F87D1B80908B00B82695 /* Assets.xcassets */,
				A179F87F1B80908B00B82695 /* LaunchScreen.storyboard */,
				A179F8821B80908B00B82695 /* Info.plist */,
				A10F76FD1B83885C00BB9A24 /* AppPlayer.swift */,
				A18A81711B8EEDB9005BCC63 /* DJVisualViewController.swift */,
				A1876DA11B8F045F000FEC26 /* MiiNSURLProtocol.swift */,
				A1876DA41B8F047C000FEC26 /* MiiDownloader.swift */,
				A1876DA71B8F04BA000FEC26 /* DownloadView.swift */,
			);
			path = MagicEar;
			sourceTree = "<group>";
		};
		A17CC75F1B8F79260074150D /* cell */ = {
			isa = PBXGroup;
			children = (
				A17CC7601B8F793E0074150D /* DownloadListTableViewCell.swift */,
			);
			name = cell;
			sourceTree = "<group>";
		};
		A1876D9A1B8EFBC6000FEC26 /* UGC-ViewControllers */ = {
			isa = PBXGroup;
			children = (
				A17CC75F1B8F79260074150D /* cell */,
				A1876D9B1B8EFC22000FEC26 /* OnlineResourceBrowserViewController.swift */,
				A1876D9E1B8EFFD1000FEC26 /* UGCTabbarViewController.swift */,
				A17CC7531B8F613B0074150D /* iTunesUploadTableViewController.swift */,
				A17CC7561B8F61510074150D /* iPodMusicTableViewController.swift */,
				A17CC7591B8F61700074150D /* netFriendShareTableViewController.swift */,
				A17CC75C1B8F77840074150D /* DownloadListTableViewController.swift */,
			);
			name = "UGC-ViewControllers";
			sourceTree = "<group>";
		};
		A1A510EC1AD4511300AD37B4 /* Controllers */ = {
			isa = PBXGroup;
			children = (
				A1BA8B2E1B5547E400F5A57F /* MVP */,
				A15CD5DD1ACE496B0033AB57 /* mainViewController.swift */,
				A1B598801B525E1100257DDB /* GlobalNavigationController.swift */,
				A1BA8B2D1B55461B00F5A57F /* Notification */,
				A1B77F3A1B5675A100CE2E73 /* ScrollViewController.swift */,
				A13B67AC1B65367100EED237 /* NativeMainViewController.swift */,
			);
			name = Controllers;
			sourceTree = "<group>";
		};
		A1A510F41AD4D5C100AD37B4 /* public */ = {
			isa = PBXGroup;
			children = (
				A1A510F51AD4D5DB00AD37B4 /* json.swift */,
				A1A511221AD5149E00AD37B4 /* statusStorage.swift */,
				A12E9A891AD69410009B2D60 /* SwiftyJSON.swift */,
				A1AC1A421ADA325400831D44 /* DPlayer.swift */,
			);
			name = public;
			sourceTree = "<group>";
		};
		A1A951211B88E14A004ADA27 /* picture-book */ = {
			isa = PBXGroup;
			children = (
				A1A951221B88E14A004ADA27 /* AppDelegate.swift */,
				A1A951261B88E14A004ADA27 /* Main.storyboard */,
				A1A951291B88E14A004ADA27 /* Assets.xcassets */,
				A1A9512B1B88E14A004ADA27 /* LaunchScreen.storyboard */,
				A1A9512E1B88E14A004ADA27 /* Info.plist */,
				A1A951321B88E49F004ADA27 /* PictureBookListTableViewController.swift */,
				A1A951341B88E5E7004ADA27 /* PictureBookListTableViewCell.swift */,
				A1A951361B88E85E004ADA27 /* PictureBookOneListTableViewController.swift */,
				A1A951381B88E986004ADA27 /* coverTableViewCell.swift */,
				A1A9513A1B897EB4004ADA27 /* PictureBookDetailScrollViewTableViewCell.swift */,
			);
			path = "picture-book";
			sourceTree = "<group>";
		};
		A1B598831B5262A800257DDB /* Protocols */ = {
			isa = PBXGroup;
			children = (
				A1B598CA1B543BC300257DDB /* Model.swift */,
				A10F76E81B83818C00BB9A24 /* Module.swift */,
				A1B598CC1B543BC300257DDB /* PlayerManager.swift */,
				A1B598CD1B543BC300257DDB /* StatusManager.swift */,
				A1B598CE1B543BC300257DDB /* ViewManager.swift */,
				A1BA8B1F1B54F63500F5A57F /* NavigationProtocol.swift */,
			);
			name = Protocols;
			sourceTree = "<group>";
		};
		A1B598881B52685800257DDB /* cell */ = {
			isa = PBXGroup;
			children = (
				A1B598891B5268D000257DDB /* cartoonListTableViewCell.swift */,
				A1BA8B241B54FA0C00F5A57F /* playlistTableViewCell.swift */,
				A1BA8B291B55446100F5A57F /* notificationListTableViewCell.swift */,
			);
			name = cell;
			sourceTree = "<group>";
		};
		A1BA8B211B54F7A800F5A57F /* playUI */ = {
			isa = PBXGroup;
			children = (
				A1D468DE1B62C2D00097358D /* cell */,
				A1BA8B221B54F7C700F5A57F /* playlistTableViewController.swift */,
				A110706C1B5799BD001E3B84 /* playViewController.swift */,
				A1FB096B1B5A86DB001EAF27 /* shopDetailViewController.swift */,
				A1FB096D1B5A8FEC001EAF27 /* playScrollViewController.swift */,
				A1FB096F1B5A9D64001EAF27 /* playUIProtocol.swift */,
				A1D468951B5D1EF20097358D /* shopDetailContentViewController.swift */,
				A1D4689D1B5ED35F0097358D /* shopDetailStaticViewController.swift */,
			);
			name = playUI;
			path = ../childFMWebkit;
			sourceTree = "<group>";
		};
		A1BA8B261B54FE9000F5A57F /* UGC */ = {
			isa = PBXGroup;
			children = (
				A1BA8B271B54FEC900F5A57F /* UGCHomeViewController.swift */,
				A1B77F3C1B5675EB00CE2E73 /* UGC_iTunesGuide.swift */,
				A1B77F401B567DC200CE2E73 /* UGC_3rdOnlineResourceViewController.swift */,
			);
			name = UGC;
			path = ../childFMWebkit;
			sourceTree = "<group>";
		};
		A1BA8B2D1B55461B00F5A57F /* Notification */ = {
			isa = PBXGroup;
			children = (
				A1BA8B2B1B55461400F5A57F /* notificationCenterTableViewController.swift */,
				A1D4689B1B5ECE840097358D /* NotificationCenterViewController.swift */,
			);
			name = Notification;
			sourceTree = "<group>";
		};
		A1BA8B2E1B5547E400F5A57F /* MVP */ = {
			isa = PBXGroup;
			children = (
				A1A510ED1AD4513E00AD37B4 /* mvpViewController.swift */,
			);
			name = MVP;
			sourceTree = "<group>";
		};
		A1BA8B2F1B5547EF00F5A57F /* Cartoon */ = {
			isa = PBXGroup;
			children = (
				A1B598861B5265A300257DDB /* cartoonListTableViewController.swift */,
				A1B598921B53B7B100257DDB /* cartoonDetailViewController.swift */,
			);
			name = Cartoon;
			path = ../childFMWebkit;
			sourceTree = "<group>";
		};
		A1D468831B5BD9B60097358D /* Grown */ = {
			isa = PBXGroup;
			children = (
				A1D4688E1B5CE65C0097358D /* BottomModule */,
				A1D468841B5BD9CF0097358D /* GrownScrollViewController.swift */,
				A1D468861B5BDA920097358D /* GrownProtocol.swift */,
			);
			name = Grown;
			path = ../childFMWebkit;
			sourceTree = "<group>";
		};
		A1D4688E1B5CE65C0097358D /* BottomModule */ = {
			isa = PBXGroup;
			children = (
				A1D4688F1B5CE6960097358D /* GrownBottomTextViewController.swift */,
				A1D468911B5CE6B70097358D /* GrownBottomLogViewController.swift */,
				A1D468931B5CE6E20097358D /* GrownBottomStatisticsViewController.swift */,
			);
			name = BottomModule;
			sourceTree = "<group>";
		};
		A1D468DE1B62C2D00097358D /* cell */ = {
			isa = PBXGroup;
			children = (
				A1D468DF1B62C2F10097358D /* PlaylistStatisticTableViewCell.swift */,
			);
			name = cell;
			sourceTree = "<group>";
		};
		D37B5825AF5CE62E6C8213B5 /* Pods */ = {
			isa = PBXGroup;
			children = (
			);
			name = Pods;
			sourceTree = "<group>";
		};
		D82379EE91EAEAE91CBCBE39 /* Frameworks */ = {
			isa = PBXGroup;
			children = (
				A1D468DC1B60E8B80097358D /* CoreLocation.framework */,
				A1BA8B1C1B54BE4A00F5A57F /* SystemConfiguration.framework */,
			);
			name = Frameworks;
			sourceTree = "<group>";
		};
/* End PBXGroup section */

/* Begin PBXNativeTarget section */
		A15CD5D51ACE496B0033AB57 /* childFMWebkit */ = {
			isa = PBXNativeTarget;
			buildConfigurationList = A15CD5F51ACE496B0033AB57 /* Build configuration list for PBXNativeTarget "childFMWebkit" */;
			buildPhases = (
				A15CD5D21ACE496B0033AB57 /* Sources */,
				A15CD5D31ACE496B0033AB57 /* Frameworks */,
				A15CD5D41ACE496B0033AB57 /* Resources */,
				A1A511201AD5141F00AD37B4 /* CopyFiles */,
				A179289E1AEF5D3C003E8AD4 /* CopyFiles */,
			);
			buildRules = (
			);
			dependencies = (
			);
			name = childFMWebkit;
			productName = childFMWebkit;
			productReference = A15CD5D61ACE496B0033AB57 /* childFMWebkit.app */;
			productType = "com.apple.product-type.application";
		};
		A15CD5EA1ACE496B0033AB57 /* childFMWebkitTests */ = {
			isa = PBXNativeTarget;
			buildConfigurationList = A15CD5F81ACE496B0033AB57 /* Build configuration list for PBXNativeTarget "childFMWebkitTests" */;
			buildPhases = (
				A15CD5E71ACE496B0033AB57 /* Sources */,
				A15CD5E81ACE496B0033AB57 /* Frameworks */,
				A15CD5E91ACE496B0033AB57 /* Resources */,
			);
			buildRules = (
			);
			dependencies = (
				A15CD5ED1ACE496B0033AB57 /* PBXTargetDependency */,
			);
			name = childFMWebkitTests;
			productName = childFMWebkitTests;
			productReference = A15CD5EB1ACE496B0033AB57 /* childFMWebkitTests.xctest */;
			productType = "com.apple.product-type.bundle.unit-test";
		};
		A179F8401B80795800B82695 /* MotherEncyclopedia */ = {
			isa = PBXNativeTarget;
			buildConfigurationList = A179F8521B80795800B82695 /* Build configuration list for PBXNativeTarget "MotherEncyclopedia" */;
			buildPhases = (
				A179F83D1B80795800B82695 /* Sources */,
				A179F83E1B80795800B82695 /* Frameworks */,
				A179F83F1B80795800B82695 /* Resources */,
			);
			buildRules = (
			);
			dependencies = (
			);
			name = MotherEncyclopedia;
			productName = MotherEncyclopedia;
			productReference = A179F8411B80795800B82695 /* MotherEncyclopedia.app */;
			productType = "com.apple.product-type.application";
		};
		A179F85D1B80907500B82695 /* GrowUpDaily */ = {
			isa = PBXNativeTarget;
			buildConfigurationList = A179F86D1B80907500B82695 /* Build configuration list for PBXNativeTarget "GrowUpDaily" */;
			buildPhases = (
				A179F85A1B80907500B82695 /* Sources */,
				A179F85B1B80907500B82695 /* Frameworks */,
				A179F85C1B80907500B82695 /* Resources */,
			);
			buildRules = (
			);
			dependencies = (
			);
			name = GrowUpDaily;
			productName = GrowUpDaily;
			productReference = A179F85E1B80907500B82695 /* GrowUpDaily.app */;
			productType = "com.apple.product-type.application";
		};
		A179F8731B80908B00B82695 /* MagicEar */ = {
			isa = PBXNativeTarget;
			buildConfigurationList = A179F8831B80908B00B82695 /* Build configuration list for PBXNativeTarget "MagicEar" */;
			buildPhases = (
				A179F8701B80908B00B82695 /* Sources */,
				A179F8711B80908B00B82695 /* Frameworks */,
				A179F8721B80908B00B82695 /* Resources */,
			);
			buildRules = (
			);
			dependencies = (
			);
			name = MagicEar;
			productName = MagicEar;
			productReference = A179F8741B80908B00B82695 /* MagicEar.app */;
			productType = "com.apple.product-type.application";
		};
		A1A9511F1B88E14A004ADA27 /* picture-book */ = {
			isa = PBXNativeTarget;
			buildConfigurationList = A1A9512F1B88E14A004ADA27 /* Build configuration list for PBXNativeTarget "picture-book" */;
			buildPhases = (
				A1A9511C1B88E14A004ADA27 /* Sources */,
				A1A9511D1B88E14A004ADA27 /* Frameworks */,
				A1A9511E1B88E14A004ADA27 /* Resources */,
			);
			buildRules = (
			);
			dependencies = (
			);
			name = "picture-book";
			productName = "picture-book";
			productReference = A1A951201B88E14A004ADA27 /* picture-book.app */;
			productType = "com.apple.product-type.application";
		};
/* End PBXNativeTarget section */

/* Begin PBXProject section */
		A15CD5CE1ACE496B0033AB57 /* Project object */ = {
			isa = PBXProject;
			attributes = {
				LastSwiftUpdateCheck = 0700;
				LastUpgradeCheck = 0700;
				ORGANIZATIONNAME = JYLabs;
				TargetAttributes = {
					A15CD5D51ACE496B0033AB57 = {
						CreatedOnToolsVersion = 6.2;
						DevelopmentTeam = SK8W4L32D6;
						SystemCapabilities = {
							com.apple.BackgroundModes = {
								enabled = 1;
							};
						};
					};
					A15CD5EA1ACE496B0033AB57 = {
						CreatedOnToolsVersion = 6.2;
						TestTargetID = A15CD5D51ACE496B0033AB57;
					};
					A179F8401B80795800B82695 = {
						CreatedOnToolsVersion = 7.0;
					};
					A179F85D1B80907500B82695 = {
						CreatedOnToolsVersion = 7.0;
					};
					A179F8731B80908B00B82695 = {
						CreatedOnToolsVersion = 7.0;
					};
					A1A9511F1B88E14A004ADA27 = {
						CreatedOnToolsVersion = 7.0;
					};
				};
			};
			buildConfigurationList = A15CD5D11ACE496B0033AB57 /* Build configuration list for PBXProject "childFMWebkit" */;
			compatibilityVersion = "Xcode 3.2";
			developmentRegion = English;
			hasScannedForEncodings = 0;
			knownRegions = (
				en,
				Base,
			);
			mainGroup = A15CD5CD1ACE496B0033AB57;
			productRefGroup = A15CD5D71ACE496B0033AB57 /* Products */;
			projectDirPath = "";
			projectRoot = "";
			targets = (
				A15CD5D51ACE496B0033AB57 /* childFMWebkit */,
				A15CD5EA1ACE496B0033AB57 /* childFMWebkitTests */,
				A179F8401B80795800B82695 /* MotherEncyclopedia */,
				A179F85D1B80907500B82695 /* GrowUpDaily */,
				A179F8731B80908B00B82695 /* MagicEar */,
				A1A9511F1B88E14A004ADA27 /* picture-book */,
			);
		};
/* End PBXProject section */

/* Begin PBXResourcesBuildPhase section */
		A15CD5D41ACE496B0033AB57 /* Resources */ = {
			isa = PBXResourcesBuildPhase;
			buildActionMask = 2147483647;
			files = (
				A1A951181B88D350004ADA27 /* Assets.xcassets in Resources */,
				A1D4688A1B5C31C60097358D /* media in Resources */,
				A1FB09381B5A3961001EAF27 /* iTunesGuide in Resources */,
				A110706F1B579AEC001E3B84 /* video in Resources */,
				A1B598951B53BA6500257DDB /* cartoonImage in Resources */,
				A15CD5E11ACE496B0033AB57 /* Main.storyboard in Resources */,
				A15CD5E61ACE496B0033AB57 /* LaunchScreen.xib in Resources */,
				A15CD5E31ACE496B0033AB57 /* Images.xcassets in Resources */,
			);
			runOnlyForDeploymentPostprocessing = 0;
		};
		A15CD5E91ACE496B0033AB57 /* Resources */ = {
			isa = PBXResourcesBuildPhase;
			buildActionMask = 2147483647;
			files = (
			);
			runOnlyForDeploymentPostprocessing = 0;
		};
		A179F83F1B80795800B82695 /* Resources */ = {
			isa = PBXResourcesBuildPhase;
			buildActionMask = 2147483647;
			files = (
				A1A951191B88D3B8004ADA27 /* Assets.xcassets in Resources */,
				A10F76F81B8384F900BB9A24 /* Main.storyboard in Resources */,
				A10F76F21B83846C00BB9A24 /* Images.xcassets in Resources */,
				A179F8591B80892600B82695 /* cartoonImage in Resources */,
				A179F84E1B80795800B82695 /* LaunchScreen.storyboard in Resources */,
			);
			runOnlyForDeploymentPostprocessing = 0;
		};
		A179F85C1B80907500B82695 /* Resources */ = {
			isa = PBXResourcesBuildPhase;
			buildActionMask = 2147483647;
			files = (
				A1A9511A1B88D3C0004ADA27 /* Assets.xcassets in Resources */,
				A14403A51B823D1500158C98 /* Images.xcassets in Resources */,
				A14403A41B823D0600158C98 /* Main.storyboard in Resources */,
				A179F86B1B80907500B82695 /* LaunchScreen.storyboard in Resources */,
			);
			runOnlyForDeploymentPostprocessing = 0;
		};
		A179F8721B80908B00B82695 /* Resources */ = {
			isa = PBXResourcesBuildPhase;
			buildActionMask = 2147483647;
			files = (
				A1876DCE1B8F3527000FEC26 /* OnlineResourceNavigationWebSite in Resources */,
				A1A9511B1B88D3CC004ADA27 /* Assets.xcassets in Resources */,
				A10F76F01B83829F00BB9A24 /* video in Resources */,
				A10F76EF1B8381FE00BB9A24 /* media in Resources */,
				A10F76D81B837F4E00BB9A24 /* Main.storyboard in Resources */,
				A10F76D71B837F4300BB9A24 /* Images.xcassets in Resources */,
				A179F8811B80908B00B82695 /* LaunchScreen.storyboard in Resources */,
			);
			runOnlyForDeploymentPostprocessing = 0;
		};
		A1A9511E1B88E14A004ADA27 /* Resources */ = {
			isa = PBXResourcesBuildPhase;
			buildActionMask = 2147483647;
			files = (
				A1A9512D1B88E14A004ADA27 /* LaunchScreen.storyboard in Resources */,
				A1A9512A1B88E14A004ADA27 /* Assets.xcassets in Resources */,
				A1A951281B88E14A004ADA27 /* Main.storyboard in Resources */,
			);
			runOnlyForDeploymentPostprocessing = 0;
		};
/* End PBXResourcesBuildPhase section */

/* Begin PBXSourcesBuildPhase section */
		A15CD5D21ACE496B0033AB57 /* Sources */ = {
			isa = PBXSourcesBuildPhase;
			buildActionMask = 2147483647;
			files = (
				A18A81721B8EEDB9005BCC63 /* DJVisualViewController.swift in Sources */,
				A179F8561B807B9A00B82695 /* FullImageScrollViewController.swift in Sources */,
				A1BA8B1B1B54BE2100F5A57F /* IJReachability.swift in Sources */,
				A17CC7571B8F61510074150D /* iPodMusicTableViewController.swift in Sources */,
				A1BA8B191B54BDCB00F5A57F /* Reachability.swift in Sources */,
				A1B598D91B543C9200257DDB /* NowPlayingInfoCenter.swift in Sources */,
				A1D468961B5D1EF20097358D /* shopDetailContentViewController.swift in Sources */,
				A1D468871B5BDA920097358D /* GrownProtocol.swift in Sources */,
				A1B598DA1B543C9200257DDB /* Operation.swift in Sources */,
				A1BA8B2A1B55446100F5A57F /* notificationListTableViewCell.swift in Sources */,
				A1D4689E1B5ED35F0097358D /* shopDetailStaticViewController.swift in Sources */,
				A1FB09701B5A9D64001EAF27 /* playUIProtocol.swift in Sources */,
				A1B598DB1B543C9200257DDB /* Player.swift in Sources */,
				A1D468921B5CE6B70097358D /* GrownBottomLogViewController.swift in Sources */,
				A1D468901B5CE6960097358D /* GrownBottomTextViewController.swift in Sources */,
				A1B598DC1B543C9200257DDB /* Server.swift in Sources */,
				A1D468851B5BD9CF0097358D /* GrownScrollViewController.swift in Sources */,
				A1B598DD1B543C9200257DDB /* Status.swift in Sources */,
				A1B598CF1B543BC300257DDB /* Model.swift in Sources */,
				A1B598D01B543BC300257DDB /* PlayerManager.swift in Sources */,
				A1B598D11B543BC300257DDB /* StatusManager.swift in Sources */,
				A1BA8B251B54FA0C00F5A57F /* playlistTableViewCell.swift in Sources */,
				A1BA8B2C1B55461400F5A57F /* notificationCenterTableViewController.swift in Sources */,
				A1B598D21B543BC300257DDB /* ViewManager.swift in Sources */,
				A1D4689C1B5ECE840097358D /* NotificationCenterViewController.swift in Sources */,
				A1D468941B5CE6E20097358D /* GrownBottomStatisticsViewController.swift in Sources */,
				A17CC75D1B8F77840074150D /* DownloadListTableViewController.swift in Sources */,
				A1BA8B281B54FEC900F5A57F /* UGCHomeViewController.swift in Sources */,
				A1BA8B231B54F7C700F5A57F /* playlistTableViewController.swift in Sources */,
				A143897C1B78EB870052D5AE /* GrowUpCorona.swift in Sources */,
				A17CC7541B8F613B0074150D /* iTunesUploadTableViewController.swift in Sources */,
				A1B598811B525E1100257DDB /* GlobalNavigationController.swift in Sources */,
				A15CD5DE1ACE496B0033AB57 /* mainViewController.swift in Sources */,
				A1B77F411B567DC200CE2E73 /* UGC_3rdOnlineResourceViewController.swift in Sources */,
				A1B77F3D1B5675EB00CE2E73 /* UGC_iTunesGuide.swift in Sources */,
				A1B5988A1B5268D000257DDB /* cartoonListTableViewCell.swift in Sources */,
				A1AC1A431ADA325400831D44 /* DPlayer.swift in Sources */,
				A1A511231AD5149E00AD37B4 /* statusStorage.swift in Sources */,
				A17CC75A1B8F61700074150D /* netFriendShareTableViewController.swift in Sources */,
				A15CD5DC1ACE496B0033AB57 /* AppDelegate.swift in Sources */,
				A1876DA51B8F047C000FEC26 /* MiiDownloader.swift in Sources */,
				A13B67AD1B65367100EED237 /* NativeMainViewController.swift in Sources */,
				A1B598931B53B7B100257DDB /* cartoonDetailViewController.swift in Sources */,
				A1876DA81B8F04BA000FEC26 /* DownloadView.swift in Sources */,
				A1B598871B5265A300257DDB /* cartoonListTableViewController.swift in Sources */,
				A1FB096C1B5A86DB001EAF27 /* shopDetailViewController.swift in Sources */,
				A10F76E91B83818C00BB9A24 /* Module.swift in Sources */,
				A143897E1B78EBA60052D5AE /* RulingView.swift in Sources */,
				A110706D1B5799BD001E3B84 /* playViewController.swift in Sources */,
				A17CC7611B8F793E0074150D /* DownloadListTableViewCell.swift in Sources */,
				A1876D9C1B8EFC22000FEC26 /* OnlineResourceBrowserViewController.swift in Sources */,
				A12E9A8A1AD69410009B2D60 /* SwiftyJSON.swift in Sources */,
				A1B77F3B1B5675A100CE2E73 /* ScrollViewController.swift in Sources */,
				A1D468E01B62C2F10097358D /* PlaylistStatisticTableViewCell.swift in Sources */,
				A1876DA21B8F045F000FEC26 /* MiiNSURLProtocol.swift in Sources */,
				A1A510EE1AD4513E00AD37B4 /* mvpViewController.swift in Sources */,
				A1FB096E1B5A8FEC001EAF27 /* playScrollViewController.swift in Sources */,
				A1A510F61AD4D5DB00AD37B4 /* json.swift in Sources */,
				A1876D9F1B8EFFD1000FEC26 /* UGCTabbarViewController.swift in Sources */,
				A1BA8B201B54F63500F5A57F /* NavigationProtocol.swift in Sources */,
			);
			runOnlyForDeploymentPostprocessing = 0;
		};
		A15CD5E71ACE496B0033AB57 /* Sources */ = {
			isa = PBXSourcesBuildPhase;
			buildActionMask = 2147483647;
			files = (
				A179F8571B807B9A00B82695 /* FullImageScrollViewController.swift in Sources */,
				A1A511241AD5149E00AD37B4 /* statusStorage.swift in Sources */,
				A15CD5F21ACE496B0033AB57 /* childFMWebkitTests.swift in Sources */,
				A1A510F71AD4D5DB00AD37B4 /* json.swift in Sources */,
				A12E9A8B1AD69410009B2D60 /* SwiftyJSON.swift in Sources */,
				A1AC1A441ADA325400831D44 /* DPlayer.swift in Sources */,
			);
			runOnlyForDeploymentPostprocessing = 0;
		};
		A179F83D1B80795800B82695 /* Sources */ = {
			isa = PBXSourcesBuildPhase;
			buildActionMask = 2147483647;
			files = (
				A10F76FC1B83868A00BB9A24 /* NavigationProtocol.swift in Sources */,
				A10F76FB1B83866700BB9A24 /* StatusManager.swift in Sources */,
				A10F76FA1B83864400BB9A24 /* Model.swift in Sources */,
				A10F76F91B83850700BB9A24 /* Operation.swift in Sources */,
				A10F76F71B8384EC00BB9A24 /* GlobalNavigationController.swift in Sources */,
				A10F76F61B8384BA00BB9A24 /* Module.swift in Sources */,
				A10F76F31B8384A200BB9A24 /* cartoonListTableViewCell.swift in Sources */,
				A10F76F41B8384A200BB9A24 /* cartoonListTableViewController.swift in Sources */,
				A10F76F51B8384A200BB9A24 /* cartoonDetailViewController.swift in Sources */,
				A179F8581B807B9A00B82695 /* FullImageScrollViewController.swift in Sources */,
				A179F8541B807B0300B82695 /* CartoonDetailViewController.swift in Sources */,
				A179F8441B80795800B82695 /* AppDelegate.swift in Sources */,
			);
			runOnlyForDeploymentPostprocessing = 0;
		};
		A179F85A1B80907500B82695 /* Sources */ = {
			isa = PBXSourcesBuildPhase;
			buildActionMask = 2147483647;
			files = (
				A10F76D51B83617D00BB9A24 /* GrowUpCorona.swift in Sources */,
				A10F76D61B83617D00BB9A24 /* RulingView.swift in Sources */,
				A10F76D31B83616900BB9A24 /* GrownScrollViewController.swift in Sources */,
				A10F76D41B83616900BB9A24 /* GrownProtocol.swift in Sources */,
				A10F76D01B83615100BB9A24 /* GrownBottomTextViewController.swift in Sources */,
				A10F76D11B83615100BB9A24 /* GrownBottomLogViewController.swift in Sources */,
				A10F76D21B83615100BB9A24 /* GrownBottomStatisticsViewController.swift in Sources */,
				A179F8631B80907500B82695 /* ViewController.swift in Sources */,
				A179F8611B80907500B82695 /* AppDelegate.swift in Sources */,
			);
			runOnlyForDeploymentPostprocessing = 0;
		};
		A179F8701B80908B00B82695 /* Sources */ = {
			isa = PBXSourcesBuildPhase;
			buildActionMask = 2147483647;
			files = (
				A10F76F11B8383F900BB9A24 /* GlobalNavigationController.swift in Sources */,
				A1876DA01B8EFFD1000FEC26 /* UGCTabbarViewController.swift in Sources */,
				A10F76EE1B8381DA00BB9A24 /* playlistTableViewCell.swift in Sources */,
				A10F76ED1B8381D300BB9A24 /* NavigationProtocol.swift in Sources */,
				A1876DA91B8F04BA000FEC26 /* DownloadView.swift in Sources */,
				A10F76EC1B8381C700BB9A24 /* PlayerManager.swift in Sources */,
				A1876D9D1B8EFC22000FEC26 /* OnlineResourceBrowserViewController.swift in Sources */,
				A17CC75B1B8F61700074150D /* netFriendShareTableViewController.swift in Sources */,
				A10F76EB1B8381AF00BB9A24 /* Model.swift in Sources */,
				A10F76E51B8380FC00BB9A24 /* StatusManager.swift in Sources */,
				A10F76FF1B83885C00BB9A24 /* AppPlayer.swift in Sources */,
				A1876DA61B8F047C000FEC26 /* MiiDownloader.swift in Sources */,
				A10F76EA1B83818C00BB9A24 /* Module.swift in Sources */,
				A10F76E11B8380E900BB9A24 /* Operation.swift in Sources */,
				A18A81731B8EEDB9005BCC63 /* DJVisualViewController.swift in Sources */,
				A10F76E21B8380E900BB9A24 /* Player.swift in Sources */,
				A10F76E31B8380E900BB9A24 /* Server.swift in Sources */,
				A10F76E41B8380E900BB9A24 /* Status.swift in Sources */,
				A10F76D91B8380D200BB9A24 /* PlaylistStatisticTableViewCell.swift in Sources */,
				A1876DA31B8F045F000FEC26 /* MiiNSURLProtocol.swift in Sources */,
				A10F76DA1B8380D200BB9A24 /* playlistTableViewController.swift in Sources */,
				A10F76DB1B8380D200BB9A24 /* playViewController.swift in Sources */,
				A17CC7621B8F793E0074150D /* DownloadListTableViewCell.swift in Sources */,
				A17CC7581B8F61510074150D /* iPodMusicTableViewController.swift in Sources */,
				A10F76DC1B8380D200BB9A24 /* shopDetailViewController.swift in Sources */,
				A10F76DD1B8380D200BB9A24 /* playScrollViewController.swift in Sources */,
				A10F76DE1B8380D200BB9A24 /* playUIProtocol.swift in Sources */,
				A10F76DF1B8380D200BB9A24 /* shopDetailContentViewController.swift in Sources */,
				A17CC75E1B8F77840074150D /* DownloadListTableViewController.swift in Sources */,
				A10F76E01B8380D200BB9A24 /* shopDetailStaticViewController.swift in Sources */,
				A17CC7551B8F613B0074150D /* iTunesUploadTableViewController.swift in Sources */,
				A179F8771B80908B00B82695 /* AppDelegate.swift in Sources */,
			);
			runOnlyForDeploymentPostprocessing = 0;
		};
		A1A9511C1B88E14A004ADA27 /* Sources */ = {
			isa = PBXSourcesBuildPhase;
			buildActionMask = 2147483647;
			files = (
				A1A951231B88E14A004ADA27 /* AppDelegate.swift in Sources */,
				A1A951391B88E986004ADA27 /* coverTableViewCell.swift in Sources */,
				A1A951331B88E49F004ADA27 /* PictureBookListTableViewController.swift in Sources */,
				A1A951371B88E85E004ADA27 /* PictureBookOneListTableViewController.swift in Sources */,
				A1A9513B1B897EB4004ADA27 /* PictureBookDetailScrollViewTableViewCell.swift in Sources */,
				A1A951351B88E5E7004ADA27 /* PictureBookListTableViewCell.swift in Sources */,
			);
			runOnlyForDeploymentPostprocessing = 0;
		};
/* End PBXSourcesBuildPhase section */

/* Begin PBXTargetDependency section */
		A15CD5ED1ACE496B0033AB57 /* PBXTargetDependency */ = {
			isa = PBXTargetDependency;
			target = A15CD5D51ACE496B0033AB57 /* childFMWebkit */;
			targetProxy = A15CD5EC1ACE496B0033AB57 /* PBXContainerItemProxy */;
		};
/* End PBXTargetDependency section */

/* Begin PBXVariantGroup section */
		A15CD5DF1ACE496B0033AB57 /* Main.storyboard */ = {
			isa = PBXVariantGroup;
			children = (
				A15CD5E01ACE496B0033AB57 /* Base */,
			);
			name = Main.storyboard;
			sourceTree = "<group>";
		};
		A15CD5E41ACE496B0033AB57 /* LaunchScreen.xib */ = {
			isa = PBXVariantGroup;
			children = (
				A15CD5E51ACE496B0033AB57 /* Base */,
			);
			name = LaunchScreen.xib;
			sourceTree = "<group>";
		};
		A179F8471B80795800B82695 /* Main.storyboard */ = {
			isa = PBXVariantGroup;
			children = (
				A179F8481B80795800B82695 /* Base */,
			);
			name = Main.storyboard;
			sourceTree = "<group>";
		};
		A179F84C1B80795800B82695 /* LaunchScreen.storyboard */ = {
			isa = PBXVariantGroup;
			children = (
				A179F84D1B80795800B82695 /* Base */,
			);
			name = LaunchScreen.storyboard;
			sourceTree = "<group>";
		};
		A179F8641B80907500B82695 /* Main.storyboard */ = {
			isa = PBXVariantGroup;
			children = (
				A179F8651B80907500B82695 /* Base */,
			);
			name = Main.storyboard;
			sourceTree = "<group>";
		};
		A179F8691B80907500B82695 /* LaunchScreen.storyboard */ = {
			isa = PBXVariantGroup;
			children = (
				A179F86A1B80907500B82695 /* Base */,
			);
			name = LaunchScreen.storyboard;
			sourceTree = "<group>";
		};
		A179F87A1B80908B00B82695 /* Main.storyboard */ = {
			isa = PBXVariantGroup;
			children = (
				A179F87B1B80908B00B82695 /* Base */,
			);
			name = Main.storyboard;
			sourceTree = "<group>";
		};
		A179F87F1B80908B00B82695 /* LaunchScreen.storyboard */ = {
			isa = PBXVariantGroup;
			children = (
				A179F8801B80908B00B82695 /* Base */,
			);
			name = LaunchScreen.storyboard;
			sourceTree = "<group>";
		};
		A1A951261B88E14A004ADA27 /* Main.storyboard */ = {
			isa = PBXVariantGroup;
			children = (
				A1A951271B88E14A004ADA27 /* Base */,
			);
			name = Main.storyboard;
			sourceTree = "<group>";
		};
		A1A9512B1B88E14A004ADA27 /* LaunchScreen.storyboard */ = {
			isa = PBXVariantGroup;
			children = (
				A1A9512C1B88E14A004ADA27 /* Base */,
			);
			name = LaunchScreen.storyboard;
			sourceTree = "<group>";
		};
/* End PBXVariantGroup section */

/* Begin XCBuildConfiguration section */
		A15CD5F31ACE496B0033AB57 /* Debug */ = {
			isa = XCBuildConfiguration;
			buildSettings = {
				ALWAYS_SEARCH_USER_PATHS = NO;
				CLANG_CXX_LANGUAGE_STANDARD = "gnu++0x";
				CLANG_CXX_LIBRARY = "libc++";
				CLANG_ENABLE_MODULES = YES;
				CLANG_ENABLE_OBJC_ARC = YES;
				CLANG_WARN_BOOL_CONVERSION = YES;
				CLANG_WARN_CONSTANT_CONVERSION = YES;
				CLANG_WARN_DIRECT_OBJC_ISA_USAGE = YES_ERROR;
				CLANG_WARN_EMPTY_BODY = YES;
				CLANG_WARN_ENUM_CONVERSION = YES;
				CLANG_WARN_INT_CONVERSION = YES;
				CLANG_WARN_OBJC_ROOT_CLASS = YES_ERROR;
				CLANG_WARN_UNREACHABLE_CODE = YES;
				CLANG_WARN__DUPLICATE_METHOD_MATCH = YES;
				"CODE_SIGN_IDENTITY[sdk=iphoneos*]" = "iPhone Developer";
				COPY_PHASE_STRIP = NO;
				ENABLE_STRICT_OBJC_MSGSEND = YES;
				ENABLE_TESTABILITY = YES;
				GCC_C_LANGUAGE_STANDARD = gnu99;
				GCC_DYNAMIC_NO_PIC = NO;
				GCC_OPTIMIZATION_LEVEL = 0;
				GCC_PREPROCESSOR_DEFINITIONS = (
					"DEBUG=1",
					"$(inherited)",
				);
				GCC_SYMBOLS_PRIVATE_EXTERN = NO;
				GCC_WARN_64_TO_32_BIT_CONVERSION = YES;
				GCC_WARN_ABOUT_RETURN_TYPE = YES_ERROR;
				GCC_WARN_UNDECLARED_SELECTOR = YES;
				GCC_WARN_UNINITIALIZED_AUTOS = YES_AGGRESSIVE;
				GCC_WARN_UNUSED_FUNCTION = YES;
				GCC_WARN_UNUSED_VARIABLE = YES;
				IPHONEOS_DEPLOYMENT_TARGET = 8.0;
				MTL_ENABLE_DEBUG_INFO = YES;
				ONLY_ACTIVE_ARCH = YES;
				SDKROOT = iphoneos;
				SWIFT_OPTIMIZATION_LEVEL = "-Onone";
			};
			name = Debug;
		};
		A15CD5F41ACE496B0033AB57 /* Release */ = {
			isa = XCBuildConfiguration;
			buildSettings = {
				ALWAYS_SEARCH_USER_PATHS = NO;
				CLANG_CXX_LANGUAGE_STANDARD = "gnu++0x";
				CLANG_CXX_LIBRARY = "libc++";
				CLANG_ENABLE_MODULES = YES;
				CLANG_ENABLE_OBJC_ARC = YES;
				CLANG_WARN_BOOL_CONVERSION = YES;
				CLANG_WARN_CONSTANT_CONVERSION = YES;
				CLANG_WARN_DIRECT_OBJC_ISA_USAGE = YES_ERROR;
				CLANG_WARN_EMPTY_BODY = YES;
				CLANG_WARN_ENUM_CONVERSION = YES;
				CLANG_WARN_INT_CONVERSION = YES;
				CLANG_WARN_OBJC_ROOT_CLASS = YES_ERROR;
				CLANG_WARN_UNREACHABLE_CODE = YES;
				CLANG_WARN__DUPLICATE_METHOD_MATCH = YES;
				"CODE_SIGN_IDENTITY[sdk=iphoneos*]" = "iPhone Developer";
				COPY_PHASE_STRIP = NO;
				ENABLE_NS_ASSERTIONS = NO;
				ENABLE_STRICT_OBJC_MSGSEND = YES;
				GCC_C_LANGUAGE_STANDARD = gnu99;
				GCC_WARN_64_TO_32_BIT_CONVERSION = YES;
				GCC_WARN_ABOUT_RETURN_TYPE = YES_ERROR;
				GCC_WARN_UNDECLARED_SELECTOR = YES;
				GCC_WARN_UNINITIALIZED_AUTOS = YES_AGGRESSIVE;
				GCC_WARN_UNUSED_FUNCTION = YES;
				GCC_WARN_UNUSED_VARIABLE = YES;
				IPHONEOS_DEPLOYMENT_TARGET = 8.0;
				MTL_ENABLE_DEBUG_INFO = NO;
				SDKROOT = iphoneos;
				VALIDATE_PRODUCT = YES;
			};
			name = Release;
		};
		A15CD5F61ACE496B0033AB57 /* Debug */ = {
			isa = XCBuildConfiguration;
			buildSettings = {
				ASSETCATALOG_COMPILER_APPICON_NAME = AppIcon;
				CLANG_ENABLE_MODULES = YES;
				CODE_SIGN_IDENTITY = "iPhone Developer";
				"CODE_SIGN_IDENTITY[sdk=iphoneos*]" = "iPhone Developer";
				ENABLE_BITCODE = NO;
				FRAMEWORK_SEARCH_PATHS = "$(inherited)";
				GCC_PREPROCESSOR_DEFINITIONS = (
					"DEBUG=1",
					"COCOAPODS=1",
				);
				INFOPLIST_FILE = childFMWebkit/Info.plist;
				IPHONEOS_DEPLOYMENT_TARGET = 8.1;
				LD_RUNPATH_SEARCH_PATHS = "$(inherited) @executable_path/Frameworks";
				PRODUCT_BUNDLE_IDENTIFIER = com.JYLabs.MED2;
				PRODUCT_NAME = "$(TARGET_NAME)";
				PROVISIONING_PROFILE = "";
				SDKROOT = iphoneos9.0;
				SWIFT_OBJC_BRIDGING_HEADER = "childFMWebkit/childFMWebkit-Bridging-Header.h";
				SWIFT_OPTIMIZATION_LEVEL = "-Onone";
			};
			name = Debug;
		};
		A15CD5F71ACE496B0033AB57 /* Release */ = {
			isa = XCBuildConfiguration;
			buildSettings = {
				ASSETCATALOG_COMPILER_APPICON_NAME = AppIcon;
				CLANG_ENABLE_MODULES = YES;
				CODE_SIGN_IDENTITY = "iPhone Developer";
				"CODE_SIGN_IDENTITY[sdk=iphoneos*]" = "iPhone Developer";
				ENABLE_BITCODE = NO;
				FRAMEWORK_SEARCH_PATHS = (
					"$(inherited)",
					"$(PROJECT_DIR)/Pods/build/Debug-iphoneos/Pods",
				);
				INFOPLIST_FILE = childFMWebkit/Info.plist;
				IPHONEOS_DEPLOYMENT_TARGET = 8.1;
				LD_RUNPATH_SEARCH_PATHS = "$(inherited) @executable_path/Frameworks";
				PRODUCT_BUNDLE_IDENTIFIER = com.JYLabs.MED2;
				PRODUCT_NAME = "$(TARGET_NAME)";
				PROVISIONING_PROFILE = "";
				SDKROOT = iphoneos9.0;
				SWIFT_OBJC_BRIDGING_HEADER = "childFMWebkit/childFMWebkit-Bridging-Header.h";
			};
			name = Release;
		};
		A15CD5F91ACE496B0033AB57 /* Debug */ = {
			isa = XCBuildConfiguration;
			buildSettings = {
				BUNDLE_LOADER = "$(TEST_HOST)";
				FRAMEWORK_SEARCH_PATHS = (
					"$(SDKROOT)/Developer/Library/Frameworks",
					"$(inherited)",
				);
				GCC_PREPROCESSOR_DEFINITIONS = (
					"DEBUG=1",
					"$(inherited)",
				);
				INFOPLIST_FILE = childFMWebkitTests/Info.plist;
				LD_RUNPATH_SEARCH_PATHS = "$(inherited) @executable_path/Frameworks @loader_path/Frameworks";
				LIBRARY_SEARCH_PATHS = (
					"$(inherited)",
					"$(PROJECT_DIR)/build/Debug-iphoneos",
				);
				PRODUCT_BUNDLE_IDENTIFIER = "JYLabs.$(PRODUCT_NAME:rfc1034identifier)";
				PRODUCT_NAME = "$(TARGET_NAME)";
				TEST_HOST = "$(BUILT_PRODUCTS_DIR)/childFMWebkit.app/childFMWebkit";
			};
			name = Debug;
		};
		A15CD5FA1ACE496B0033AB57 /* Release */ = {
			isa = XCBuildConfiguration;
			buildSettings = {
				BUNDLE_LOADER = "$(TEST_HOST)";
				FRAMEWORK_SEARCH_PATHS = (
					"$(SDKROOT)/Developer/Library/Frameworks",
					"$(inherited)",
					"$(PROJECT_DIR)/Pods/build/Debug-iphoneos",
					"$(PROJECT_DIR)/Pods/build/Debug-iphoneos/Pods",
				);
				INFOPLIST_FILE = childFMWebkitTests/Info.plist;
				LD_RUNPATH_SEARCH_PATHS = "$(inherited) @executable_path/Frameworks @loader_path/Frameworks";
				LIBRARY_SEARCH_PATHS = (
					"$(inherited)",
					"$(PROJECT_DIR)/build/Debug-iphoneos",
				);
				PRODUCT_BUNDLE_IDENTIFIER = "JYLabs.$(PRODUCT_NAME:rfc1034identifier)";
				PRODUCT_NAME = "$(TARGET_NAME)";
				TEST_HOST = "$(BUILT_PRODUCTS_DIR)/childFMWebkit.app/childFMWebkit";
			};
			name = Release;
		};
		A179F8501B80795800B82695 /* Debug */ = {
			isa = XCBuildConfiguration;
			buildSettings = {
				ASSETCATALOG_COMPILER_APPICON_NAME = AppIcon;
				DEBUG_INFORMATION_FORMAT = dwarf;
				GCC_NO_COMMON_BLOCKS = YES;
				INFOPLIST_FILE = MotherEncyclopedia/Info.plist;
				IPHONEOS_DEPLOYMENT_TARGET = 8.0;
				LD_RUNPATH_SEARCH_PATHS = "$(inherited) @executable_path/Frameworks";
				PRODUCT_BUNDLE_IDENTIFIER = JYLabs.MotherEncyclopedia;
				PRODUCT_NAME = "$(TARGET_NAME)";
			};
			name = Debug;
		};
		A179F8511B80795800B82695 /* Release */ = {
			isa = XCBuildConfiguration;
			buildSettings = {
				ASSETCATALOG_COMPILER_APPICON_NAME = AppIcon;
				DEBUG_INFORMATION_FORMAT = "dwarf-with-dsym";
				GCC_NO_COMMON_BLOCKS = YES;
				INFOPLIST_FILE = MotherEncyclopedia/Info.plist;
				IPHONEOS_DEPLOYMENT_TARGET = 8.0;
				LD_RUNPATH_SEARCH_PATHS = "$(inherited) @executable_path/Frameworks";
				PRODUCT_BUNDLE_IDENTIFIER = JYLabs.MotherEncyclopedia;
				PRODUCT_NAME = "$(TARGET_NAME)";
			};
			name = Release;
		};
		A179F86E1B80907500B82695 /* Debug */ = {
			isa = XCBuildConfiguration;
			buildSettings = {
				ASSETCATALOG_COMPILER_APPICON_NAME = AppIcon;
				DEBUG_INFORMATION_FORMAT = dwarf;
				GCC_NO_COMMON_BLOCKS = YES;
				INFOPLIST_FILE = GrowUpDaily/Info.plist;
				IPHONEOS_DEPLOYMENT_TARGET = 8.0;
				LD_RUNPATH_SEARCH_PATHS = "$(inherited) @executable_path/Frameworks";
				PRODUCT_BUNDLE_IDENTIFIER = JYLabs.GrowUpDaily;
				PRODUCT_NAME = "$(TARGET_NAME)";
			};
			name = Debug;
		};
		A179F86F1B80907500B82695 /* Release */ = {
			isa = XCBuildConfiguration;
			buildSettings = {
				ASSETCATALOG_COMPILER_APPICON_NAME = AppIcon;
				DEBUG_INFORMATION_FORMAT = "dwarf-with-dsym";
				GCC_NO_COMMON_BLOCKS = YES;
				INFOPLIST_FILE = GrowUpDaily/Info.plist;
				IPHONEOS_DEPLOYMENT_TARGET = 8.0;
				LD_RUNPATH_SEARCH_PATHS = "$(inherited) @executable_path/Frameworks";
				PRODUCT_BUNDLE_IDENTIFIER = JYLabs.GrowUpDaily;
				PRODUCT_NAME = "$(TARGET_NAME)";
			};
			name = Release;
		};
		A179F8841B80908B00B82695 /* Debug */ = {
			isa = XCBuildConfiguration;
			buildSettings = {
				ASSETCATALOG_COMPILER_APPICON_NAME = AppIcon;
				DEBUG_INFORMATION_FORMAT = dwarf;
				GCC_NO_COMMON_BLOCKS = YES;
				INFOPLIST_FILE = MagicEar/Info.plist;
				IPHONEOS_DEPLOYMENT_TARGET = 8.0;
				LD_RUNPATH_SEARCH_PATHS = "$(inherited) @executable_path/Frameworks";
				PRODUCT_BUNDLE_IDENTIFIER = JYLabs.MagicEar;
				PRODUCT_NAME = "$(TARGET_NAME)";
			};
			name = Debug;
		};
		A179F8851B80908B00B82695 /* Release */ = {
			isa = XCBuildConfiguration;
			buildSettings = {
				ASSETCATALOG_COMPILER_APPICON_NAME = AppIcon;
				DEBUG_INFORMATION_FORMAT = "dwarf-with-dsym";
				GCC_NO_COMMON_BLOCKS = YES;
				INFOPLIST_FILE = MagicEar/Info.plist;
				IPHONEOS_DEPLOYMENT_TARGET = 8.0;
				LD_RUNPATH_SEARCH_PATHS = "$(inherited) @executable_path/Frameworks";
				PRODUCT_BUNDLE_IDENTIFIER = JYLabs.MagicEar;
				PRODUCT_NAME = "$(TARGET_NAME)";
			};
			name = Release;
		};
		A1A951301B88E14A004ADA27 /* Debug */ = {
			isa = XCBuildConfiguration;
			buildSettings = {
				ASSETCATALOG_COMPILER_APPICON_NAME = AppIcon;
				DEBUG_INFORMATION_FORMAT = dwarf;
				GCC_NO_COMMON_BLOCKS = YES;
				INFOPLIST_FILE = "picture-book/Info.plist";
				IPHONEOS_DEPLOYMENT_TARGET = 9.0;
				LD_RUNPATH_SEARCH_PATHS = "$(inherited) @executable_path/Frameworks";
				PRODUCT_BUNDLE_IDENTIFIER = "JYLabs.picture-book";
				PRODUCT_NAME = "$(TARGET_NAME)";
			};
			name = Debug;
		};
		A1A951311B88E14A004ADA27 /* Release */ = {
			isa = XCBuildConfiguration;
			buildSettings = {
				ASSETCATALOG_COMPILER_APPICON_NAME = AppIcon;
				DEBUG_INFORMATION_FORMAT = "dwarf-with-dsym";
				GCC_NO_COMMON_BLOCKS = YES;
				INFOPLIST_FILE = "picture-book/Info.plist";
				IPHONEOS_DEPLOYMENT_TARGET = 9.0;
				LD_RUNPATH_SEARCH_PATHS = "$(inherited) @executable_path/Frameworks";
				PRODUCT_BUNDLE_IDENTIFIER = "JYLabs.picture-book";
				PRODUCT_NAME = "$(TARGET_NAME)";
			};
			name = Release;
		};
/* End XCBuildConfiguration section */

/* Begin XCConfigurationList section */
		A15CD5D11ACE496B0033AB57 /* Build configuration list for PBXProject "childFMWebkit" */ = {
			isa = XCConfigurationList;
			buildConfigurations = (
				A15CD5F31ACE496B0033AB57 /* Debug */,
				A15CD5F41ACE496B0033AB57 /* Release */,
			);
			defaultConfigurationIsVisible = 0;
			defaultConfigurationName = Release;
		};
		A15CD5F51ACE496B0033AB57 /* Build configuration list for PBXNativeTarget "childFMWebkit" */ = {
			isa = XCConfigurationList;
			buildConfigurations = (
				A15CD5F61ACE496B0033AB57 /* Debug */,
				A15CD5F71ACE496B0033AB57 /* Release */,
			);
			defaultConfigurationIsVisible = 0;
			defaultConfigurationName = Release;
		};
		A15CD5F81ACE496B0033AB57 /* Build configuration list for PBXNativeTarget "childFMWebkitTests" */ = {
			isa = XCConfigurationList;
			buildConfigurations = (
				A15CD5F91ACE496B0033AB57 /* Debug */,
				A15CD5FA1ACE496B0033AB57 /* Release */,
			);
			defaultConfigurationIsVisible = 0;
			defaultConfigurationName = Release;
		};
		A179F8521B80795800B82695 /* Build configuration list for PBXNativeTarget "MotherEncyclopedia" */ = {
			isa = XCConfigurationList;
			buildConfigurations = (
				A179F8501B80795800B82695 /* Debug */,
				A179F8511B80795800B82695 /* Release */,
			);
			defaultConfigurationIsVisible = 0;
			defaultConfigurationName = Release;
		};
		A179F86D1B80907500B82695 /* Build configuration list for PBXNativeTarget "GrowUpDaily" */ = {
			isa = XCConfigurationList;
			buildConfigurations = (
				A179F86E1B80907500B82695 /* Debug */,
				A179F86F1B80907500B82695 /* Release */,
			);
			defaultConfigurationIsVisible = 0;
			defaultConfigurationName = Release;
		};
		A179F8831B80908B00B82695 /* Build configuration list for PBXNativeTarget "MagicEar" */ = {
			isa = XCConfigurationList;
			buildConfigurations = (
				A179F8841B80908B00B82695 /* Debug */,
				A179F8851B80908B00B82695 /* Release */,
			);
			defaultConfigurationIsVisible = 0;
			defaultConfigurationName = Release;
		};
		A1A9512F1B88E14A004ADA27 /* Build configuration list for PBXNativeTarget "picture-book" */ = {
			isa = XCConfigurationList;
			buildConfigurations = (
				A1A951301B88E14A004ADA27 /* Debug */,
				A1A951311B88E14A004ADA27 /* Release */,
			);
			defaultConfigurationIsVisible = 0;
			defaultConfigurationName = Release;
		};
/* End XCConfigurationList section */
	};
	rootObject = A15CD5CE1ACE496B0033AB57 /* Project object */;
}
